// !$*UTF8*$!
{
	archiveVersion = 1;
	classes = {
	};
	objectVersion = 56;
	objects = {

/* Begin PBXBuildFile section */
		7806D2CE2C513D0A00081332 /* landmarkData.json in Resources */ = {isa = PBXBuildFile; fileRef = 7875E1E22C4A17AB00CAB26F /* landmarkData.json */; };
		7806D2CF2C513D0A00081332 /* hikeData.json in Resources */ = {isa = PBXBuildFile; fileRef = 7814710C2C4F3D70003945EF /* hikeData.json */; };
		7806D2D02C513D0A00081332 /* LandmarkList.swift in Sources */ = {isa = PBXBuildFile; fileRef = 7875E1ED2C4A34D300CAB26F /* LandmarkList.swift */; };
		7806D2D12C513D0A00081332 /* MapView.swift in Sources */ = {isa = PBXBuildFile; fileRef = 7875E1E02C4A110700CAB26F /* MapView.swift */; };
		7806D2D22C513D0A00081332 /* Landmark.swift in Sources */ = {isa = PBXBuildFile; fileRef = 7875E1E42C4A17CA00CAB26F /* Landmark.swift */; };
		7806D2D32C513D0A00081332 /* LandmarkRow.swift in Sources */ = {isa = PBXBuildFile; fileRef = 7875E1EB2C4A325200CAB26F /* LandmarkRow.swift */; };
		7806D2D42C513D0A00081332 /* CircleImage.swift in Sources */ = {isa = PBXBuildFile; fileRef = 7875E1DE2C4A0FCD00CAB26F /* CircleImage.swift */; };
		7806D2D52C513D0A00081332 /* ModelData.swift in Sources */ = {isa = PBXBuildFile; fileRef = 7875E1E62C4A2EF300CAB26F /* ModelData.swift */; };
		7806D2D62C513D0A00081332 /* FavoriteButton.swift in Sources */ = {isa = PBXBuildFile; fileRef = 78691E5B2C4A9ED700BDF80B /* FavoriteButton.swift */; };
		7806D2D72C513D0A00081332 /* Hike.swift in Sources */ = {isa = PBXBuildFile; fileRef = 7814710E2C4F3D94003945EF /* Hike.swift */; };
		7806D2D82C513D0A00081332 /* LandmarksApp.swift in Sources */ = {isa = PBXBuildFile; fileRef = 7875E1B42C4A0A2C00CAB26F /* LandmarksApp.swift */; };
		7806D2D92C513D0A00081332 /* Profile.swift in Sources */ = {isa = PBXBuildFile; fileRef = 787736A72C4F57B200E08A5B /* Profile.swift */; };
		7806D2DB2C513E1800081332 /* LandmarkDetail.swift in Sources */ = {isa = PBXBuildFile; fileRef = 7806D2DA2C513E1800081332 /* LandmarkDetail.swift */; };
		7806D2DC2C51D47400081332 /* Assets.xcassets in Resources */ = {isa = PBXBuildFile; fileRef = 7875E1B82C4A0A2D00CAB26F /* Assets.xcassets */; };
		7806D2DE2C51D7CD00081332 /* LandmarkList.swift in Sources */ = {isa = PBXBuildFile; fileRef = 7806D2DD2C51D7CD00081332 /* LandmarkList.swift */; };
		7806D2E12C51E99000081332 /* LandmarkCommands.swift in Sources */ = {isa = PBXBuildFile; fileRef = 7806D2DF2C51E99000081332 /* LandmarkCommands.swift */; };
		7806D2E22C51EAC900081332 /* LandmarkCommands.swift in Sources */ = {isa = PBXBuildFile; fileRef = 7806D2DF2C51E99000081332 /* LandmarkCommands.swift */; };
		7806D2E62C51F6CA00081332 /* LandmarkSettings.swift in Sources */ = {isa = PBXBuildFile; fileRef = 7806D2E52C51F6CA00081332 /* LandmarkSettings.swift */; };
		7814710D2C4F3D70003945EF /* hikeData.json in Resources */ = {isa = PBXBuildFile; fileRef = 7814710C2C4F3D70003945EF /* hikeData.json */; };
		7814710F2C4F3D94003945EF /* Hike.swift in Sources */ = {isa = PBXBuildFile; fileRef = 7814710E2C4F3D94003945EF /* Hike.swift */; };
		781471152C4F3F85003945EF /* GraphCapsule.swift in Sources */ = {isa = PBXBuildFile; fileRef = 781471102C4F3F85003945EF /* GraphCapsule.swift */; };
		781471162C4F3F85003945EF /* HikeDetail.swift in Sources */ = {isa = PBXBuildFile; fileRef = 781471112C4F3F85003945EF /* HikeDetail.swift */; };
		781471172C4F3F85003945EF /* HikeGraph.swift in Sources */ = {isa = PBXBuildFile; fileRef = 781471122C4F3F85003945EF /* HikeGraph.swift */; };
		781471182C4F3F85003945EF /* HikeView.swift in Sources */ = {isa = PBXBuildFile; fileRef = 781471132C4F3F85003945EF /* HikeView.swift */; };
		7814711D2C4F47AD003945EF /* CategoryHome.swift in Sources */ = {isa = PBXBuildFile; fileRef = 7814711C2C4F47AD003945EF /* CategoryHome.swift */; };
		782FD4CA2C4B46C900F02FB5 /* HexagonParameters.swift in Sources */ = {isa = PBXBuildFile; fileRef = 782FD4C92C4B46C900F02FB5 /* HexagonParameters.swift */; };
		782FD4CC2C4B494200F02FB5 /* BadgeBackground.swift in Sources */ = {isa = PBXBuildFile; fileRef = 782FD4CB2C4B494200F02FB5 /* BadgeBackground.swift */; };
		782FD4CE2C4B5B5B00F02FB5 /* BadgeSymbol.swift in Sources */ = {isa = PBXBuildFile; fileRef = 782FD4CD2C4B5B5B00F02FB5 /* BadgeSymbol.swift */; };
		782FD4D02C4B5F2800F02FB5 /* RotatedBadgeSymbol.swift in Sources */ = {isa = PBXBuildFile; fileRef = 782FD4CF2C4B5F2800F02FB5 /* RotatedBadgeSymbol.swift */; };
		782FD4D22C4B5FB800F02FB5 /* Badge.swift in Sources */ = {isa = PBXBuildFile; fileRef = 782FD4D12C4B5FB800F02FB5 /* Badge.swift */; };
		783106552C50D5FF00E51A32 /* Assets.xcassets in Resources */ = {isa = PBXBuildFile; fileRef = 7875E1B82C4A0A2D00CAB26F /* Assets.xcassets */; };
		783106562C50D5FF00E51A32 /* landmarkData.json in Resources */ = {isa = PBXBuildFile; fileRef = 7875E1E22C4A17AB00CAB26F /* landmarkData.json */; };
		783106572C50D5FF00E51A32 /* hikeData.json in Resources */ = {isa = PBXBuildFile; fileRef = 7814710C2C4F3D70003945EF /* hikeData.json */; };
		783106592C50D8EA00E51A32 /* NotificationView.swift in Sources */ = {isa = PBXBuildFile; fileRef = 783106582C50D8EA00E51A32 /* NotificationView.swift */; };
		7831065B2C50DB3600E51A32 /* NotificationController.swift in Sources */ = {isa = PBXBuildFile; fileRef = 7831065A2C50DB3600E51A32 /* NotificationController.swift */; };
		784546292C513A0700A02039 /* ContentView.swift in Sources */ = {isa = PBXBuildFile; fileRef = 784546282C513A0700A02039 /* ContentView.swift */; };
		7845462B2C513A0800A02039 /* Assets.xcassets in Resources */ = {isa = PBXBuildFile; fileRef = 7845462A2C513A0800A02039 /* Assets.xcassets */; };
		7845462E2C513A0800A02039 /* Preview Assets.xcassets in Resources */ = {isa = PBXBuildFile; fileRef = 7845462D2C513A0800A02039 /* Preview Assets.xcassets */; };
		784546392C513A0900A02039 /* MacLandmarksTests.swift in Sources */ = {isa = PBXBuildFile; fileRef = 784546382C513A0900A02039 /* MacLandmarksTests.swift */; };
		784546432C513A0900A02039 /* MacLandmarksUITests.swift in Sources */ = {isa = PBXBuildFile; fileRef = 784546422C513A0900A02039 /* MacLandmarksUITests.swift */; };
		784546452C513A0900A02039 /* MacLandmarksUITestsLaunchTests.swift in Sources */ = {isa = PBXBuildFile; fileRef = 784546442C513A0900A02039 /* MacLandmarksUITestsLaunchTests.swift */; };
		78691E5C2C4A9ED700BDF80B /* FavoriteButton.swift in Sources */ = {isa = PBXBuildFile; fileRef = 78691E5B2C4A9ED700BDF80B /* FavoriteButton.swift */; };
		7875E1B52C4A0A2C00CAB26F /* LandmarksApp.swift in Sources */ = {isa = PBXBuildFile; fileRef = 7875E1B42C4A0A2C00CAB26F /* LandmarksApp.swift */; };
		7875E1B72C4A0A2C00CAB26F /* ContentView.swift in Sources */ = {isa = PBXBuildFile; fileRef = 7875E1B62C4A0A2C00CAB26F /* ContentView.swift */; };
		7875E1B92C4A0A2D00CAB26F /* Assets.xcassets in Resources */ = {isa = PBXBuildFile; fileRef = 7875E1B82C4A0A2D00CAB26F /* Assets.xcassets */; };
		7875E1BC2C4A0A2D00CAB26F /* Preview Assets.xcassets in Resources */ = {isa = PBXBuildFile; fileRef = 7875E1BB2C4A0A2D00CAB26F /* Preview Assets.xcassets */; };
		7875E1C62C4A0A2D00CAB26F /* LandmarksTests.swift in Sources */ = {isa = PBXBuildFile; fileRef = 7875E1C52C4A0A2D00CAB26F /* LandmarksTests.swift */; };
		7875E1D02C4A0A2D00CAB26F /* LandmarksUITests.swift in Sources */ = {isa = PBXBuildFile; fileRef = 7875E1CF2C4A0A2D00CAB26F /* LandmarksUITests.swift */; };
		7875E1D22C4A0A2D00CAB26F /* LandmarksUITestsLaunchTests.swift in Sources */ = {isa = PBXBuildFile; fileRef = 7875E1D12C4A0A2D00CAB26F /* LandmarksUITestsLaunchTests.swift */; };
		7875E1DF2C4A0FCD00CAB26F /* CircleImage.swift in Sources */ = {isa = PBXBuildFile; fileRef = 7875E1DE2C4A0FCD00CAB26F /* CircleImage.swift */; };
		7875E1E12C4A110700CAB26F /* MapView.swift in Sources */ = {isa = PBXBuildFile; fileRef = 7875E1E02C4A110700CAB26F /* MapView.swift */; };
		7875E1E32C4A17AB00CAB26F /* landmarkData.json in Resources */ = {isa = PBXBuildFile; fileRef = 7875E1E22C4A17AB00CAB26F /* landmarkData.json */; };
		7875E1E52C4A17CB00CAB26F /* Landmark.swift in Sources */ = {isa = PBXBuildFile; fileRef = 7875E1E42C4A17CA00CAB26F /* Landmark.swift */; };
		7875E1E72C4A2EF300CAB26F /* ModelData.swift in Sources */ = {isa = PBXBuildFile; fileRef = 7875E1E62C4A2EF300CAB26F /* ModelData.swift */; };
		7875E1EC2C4A325200CAB26F /* LandmarkRow.swift in Sources */ = {isa = PBXBuildFile; fileRef = 7875E1EB2C4A325200CAB26F /* LandmarkRow.swift */; };
		7875E1EE2C4A34D300CAB26F /* LandmarkList.swift in Sources */ = {isa = PBXBuildFile; fileRef = 7875E1ED2C4A34D300CAB26F /* LandmarkList.swift */; };
		7875E1F02C4A375D00CAB26F /* LandmarkDetail.swift in Sources */ = {isa = PBXBuildFile; fileRef = 7875E1EF2C4A375D00CAB26F /* LandmarkDetail.swift */; };
		787736A42C4F4D5600E08A5B /* CategoryRow.swift in Sources */ = {isa = PBXBuildFile; fileRef = 787736A32C4F4D5600E08A5B /* CategoryRow.swift */; };
		787736A62C4F4F5700E08A5B /* CategoryItem.swift in Sources */ = {isa = PBXBuildFile; fileRef = 787736A52C4F4F5700E08A5B /* CategoryItem.swift */; };
		787736A82C4F57B200E08A5B /* Profile.swift in Sources */ = {isa = PBXBuildFile; fileRef = 787736A72C4F57B200E08A5B /* Profile.swift */; };
		787736AB2C4F58EA00E08A5B /* ProfileHost.swift in Sources */ = {isa = PBXBuildFile; fileRef = 787736AA2C4F58EA00E08A5B /* ProfileHost.swift */; };
		787736AD2C4F594500E08A5B /* ProfileSummary.swift in Sources */ = {isa = PBXBuildFile; fileRef = 787736AC2C4F594500E08A5B /* ProfileSummary.swift */; };
		787736AF2C4F5B8D00E08A5B /* HikeBadge.swift in Sources */ = {isa = PBXBuildFile; fileRef = 787736AE2C4F5B8D00E08A5B /* HikeBadge.swift */; };
		787736B12C4F742D00E08A5B /* ProfileEditor.swift in Sources */ = {isa = PBXBuildFile; fileRef = 787736B02C4F742D00E08A5B /* ProfileEditor.swift */; };
		78AA20592C50A01B0032A7DA /* PageViewController.swift in Sources */ = {isa = PBXBuildFile; fileRef = 78AA20582C50A01B0032A7DA /* PageViewController.swift */; };
		78AA205B2C50A32A0032A7DA /* FeatureCard.swift in Sources */ = {isa = PBXBuildFile; fileRef = 78AA205A2C50A32A0032A7DA /* FeatureCard.swift */; };
		78AA205D2C50A6780032A7DA /* PageView.swift in Sources */ = {isa = PBXBuildFile; fileRef = 78AA205C2C50A6780032A7DA /* PageView.swift */; };
		78AA205F2C50C2AB0032A7DA /* PageControl.swift in Sources */ = {isa = PBXBuildFile; fileRef = 78AA205E2C50C2AB0032A7DA /* PageControl.swift */; };
		78AA20692C50D1700032A7DA /* ContentView.swift in Sources */ = {isa = PBXBuildFile; fileRef = 78AA20682C50D1700032A7DA /* ContentView.swift */; };
		78AA206B2C50D1720032A7DA /* Assets.xcassets in Resources */ = {isa = PBXBuildFile; fileRef = 78AA206A2C50D1720032A7DA /* Assets.xcassets */; };
		78AA206E2C50D1720032A7DA /* Preview Assets.xcassets in Resources */ = {isa = PBXBuildFile; fileRef = 78AA206D2C50D1720032A7DA /* Preview Assets.xcassets */; };
		78AA20782C50D1720032A7DA /* WatchLandmarks_Watch_AppTests.swift in Sources */ = {isa = PBXBuildFile; fileRef = 78AA20772C50D1720032A7DA /* WatchLandmarks_Watch_AppTests.swift */; };
		78AA20822C50D1720032A7DA /* WatchLandmarks_Watch_AppUITests.swift in Sources */ = {isa = PBXBuildFile; fileRef = 78AA20812C50D1720032A7DA /* WatchLandmarks_Watch_AppUITests.swift */; };
		78AA20842C50D1720032A7DA /* WatchLandmarks_Watch_AppUITestsLaunchTests.swift in Sources */ = {isa = PBXBuildFile; fileRef = 78AA20832C50D1720032A7DA /* WatchLandmarks_Watch_AppUITestsLaunchTests.swift */; };
		78AA20872C50D1720032A7DA /* WatchLandmarks Watch App.app in Embed Watch Content */ = {isa = PBXBuildFile; fileRef = 78AA20642C50D1700032A7DA /* WatchLandmarks Watch App.app */; settings = {ATTRIBUTES = (RemoveHeadersOnCopy, ); }; };
		78AA20922C50D2E10032A7DA /* LandmarkRow.swift in Sources */ = {isa = PBXBuildFile; fileRef = 7875E1EB2C4A325200CAB26F /* LandmarkRow.swift */; };
		78AA20932C50D2E10032A7DA /* LandmarksApp.swift in Sources */ = {isa = PBXBuildFile; fileRef = 7875E1B42C4A0A2C00CAB26F /* LandmarksApp.swift */; };
		78AA20942C50D2E10032A7DA /* ModelData.swift in Sources */ = {isa = PBXBuildFile; fileRef = 7875E1E62C4A2EF300CAB26F /* ModelData.swift */; };
		78AA20952C50D2E10032A7DA /* Hike.swift in Sources */ = {isa = PBXBuildFile; fileRef = 7814710E2C4F3D94003945EF /* Hike.swift */; };
		78AA20962C50D2E10032A7DA /* MapView.swift in Sources */ = {isa = PBXBuildFile; fileRef = 7875E1E02C4A110700CAB26F /* MapView.swift */; };
		78AA20972C50D2E10032A7DA /* Landmark.swift in Sources */ = {isa = PBXBuildFile; fileRef = 7875E1E42C4A17CA00CAB26F /* Landmark.swift */; };
		78AA20982C50D2E10032A7DA /* Profile.swift in Sources */ = {isa = PBXBuildFile; fileRef = 787736A72C4F57B200E08A5B /* Profile.swift */; };
		78AA20992C50D2E10032A7DA /* CircleImage.swift in Sources */ = {isa = PBXBuildFile; fileRef = 7875E1DE2C4A0FCD00CAB26F /* CircleImage.swift */; };
		78AA209C2C50D3970032A7DA /* LandmarkDetail.swift in Sources */ = {isa = PBXBuildFile; fileRef = 78AA209B2C50D3970032A7DA /* LandmarkDetail.swift */; };
/* End PBXBuildFile section */

/* Begin PBXContainerItemProxy section */
		784546352C513A0900A02039 /* PBXContainerItemProxy */ = {
			isa = PBXContainerItemProxy;
			containerPortal = 7875E1A92C4A0A2C00CAB26F /* Project object */;
			proxyType = 1;
			remoteGlobalIDString = 784546232C513A0700A02039;
			remoteInfo = MacLandmarks;
		};
		7845463F2C513A0900A02039 /* PBXContainerItemProxy */ = {
			isa = PBXContainerItemProxy;
			containerPortal = 7875E1A92C4A0A2C00CAB26F /* Project object */;
			proxyType = 1;
			remoteGlobalIDString = 784546232C513A0700A02039;
			remoteInfo = MacLandmarks;
		};
		7875E1C22C4A0A2D00CAB26F /* PBXContainerItemProxy */ = {
			isa = PBXContainerItemProxy;
			containerPortal = 7875E1A92C4A0A2C00CAB26F /* Project object */;
			proxyType = 1;
			remoteGlobalIDString = 7875E1B02C4A0A2C00CAB26F;
			remoteInfo = Landmarks;
		};
		7875E1CC2C4A0A2D00CAB26F /* PBXContainerItemProxy */ = {
			isa = PBXContainerItemProxy;
			containerPortal = 7875E1A92C4A0A2C00CAB26F /* Project object */;
			proxyType = 1;
			remoteGlobalIDString = 7875E1B02C4A0A2C00CAB26F;
			remoteInfo = Landmarks;
		};
		78AA20742C50D1720032A7DA /* PBXContainerItemProxy */ = {
			isa = PBXContainerItemProxy;
			containerPortal = 7875E1A92C4A0A2C00CAB26F /* Project object */;
			proxyType = 1;
			remoteGlobalIDString = 78AA20632C50D1700032A7DA;
			remoteInfo = "WatchLandmarks Watch App";
		};
		78AA207E2C50D1720032A7DA /* PBXContainerItemProxy */ = {
			isa = PBXContainerItemProxy;
			containerPortal = 7875E1A92C4A0A2C00CAB26F /* Project object */;
			proxyType = 1;
			remoteGlobalIDString = 78AA20632C50D1700032A7DA;
			remoteInfo = "WatchLandmarks Watch App";
		};
		78AA20852C50D1720032A7DA /* PBXContainerItemProxy */ = {
			isa = PBXContainerItemProxy;
			containerPortal = 7875E1A92C4A0A2C00CAB26F /* Project object */;
			proxyType = 1;
			remoteGlobalIDString = 78AA20632C50D1700032A7DA;
			remoteInfo = "WatchLandmarks Watch App";
		};
/* End PBXContainerItemProxy section */

/* Begin PBXCopyFilesBuildPhase section */
		78AA208B2C50D1720032A7DA /* Embed Watch Content */ = {
			isa = PBXCopyFilesBuildPhase;
			buildActionMask = 2147483647;
			dstPath = "$(CONTENTS_FOLDER_PATH)/Watch";
			dstSubfolderSpec = 16;
			files = (
				78AA20872C50D1720032A7DA /* WatchLandmarks Watch App.app in Embed Watch Content */,
			);
			name = "Embed Watch Content";
			runOnlyForDeploymentPostprocessing = 0;
		};
/* End PBXCopyFilesBuildPhase section */

/* Begin PBXFileReference section */
		7806D2DA2C513E1800081332 /* LandmarkDetail.swift */ = {isa = PBXFileReference; lastKnownFileType = sourcecode.swift; path = LandmarkDetail.swift; sourceTree = "<group>"; };
		7806D2DD2C51D7CD00081332 /* LandmarkList.swift */ = {isa = PBXFileReference; lastKnownFileType = sourcecode.swift; path = LandmarkList.swift; sourceTree = "<group>"; };
		7806D2DF2C51E99000081332 /* LandmarkCommands.swift */ = {isa = PBXFileReference; lastKnownFileType = sourcecode.swift; path = LandmarkCommands.swift; sourceTree = "<group>"; };
		7806D2E52C51F6CA00081332 /* LandmarkSettings.swift */ = {isa = PBXFileReference; lastKnownFileType = sourcecode.swift; path = LandmarkSettings.swift; sourceTree = "<group>"; };
		7814710C2C4F3D70003945EF /* hikeData.json */ = {isa = PBXFileReference; fileEncoding = 4; lastKnownFileType = text.json; path = hikeData.json; sourceTree = "<group>"; };
		7814710E2C4F3D94003945EF /* Hike.swift */ = {isa = PBXFileReference; lastKnownFileType = sourcecode.swift; path = Hike.swift; sourceTree = "<group>"; };
		781471102C4F3F85003945EF /* GraphCapsule.swift */ = {isa = PBXFileReference; fileEncoding = 4; lastKnownFileType = sourcecode.swift; path = GraphCapsule.swift; sourceTree = "<group>"; };
		781471112C4F3F85003945EF /* HikeDetail.swift */ = {isa = PBXFileReference; fileEncoding = 4; lastKnownFileType = sourcecode.swift; path = HikeDetail.swift; sourceTree = "<group>"; };
		781471122C4F3F85003945EF /* HikeGraph.swift */ = {isa = PBXFileReference; fileEncoding = 4; lastKnownFileType = sourcecode.swift; path = HikeGraph.swift; sourceTree = "<group>"; };
		781471132C4F3F85003945EF /* HikeView.swift */ = {isa = PBXFileReference; fileEncoding = 4; lastKnownFileType = sourcecode.swift; path = HikeView.swift; sourceTree = "<group>"; };
		7814711C2C4F47AD003945EF /* CategoryHome.swift */ = {isa = PBXFileReference; lastKnownFileType = sourcecode.swift; path = CategoryHome.swift; sourceTree = "<group>"; };
		782FD4C92C4B46C900F02FB5 /* HexagonParameters.swift */ = {isa = PBXFileReference; lastKnownFileType = sourcecode.swift; path = HexagonParameters.swift; sourceTree = "<group>"; };
		782FD4CB2C4B494200F02FB5 /* BadgeBackground.swift */ = {isa = PBXFileReference; lastKnownFileType = sourcecode.swift; path = BadgeBackground.swift; sourceTree = "<group>"; };
		782FD4CD2C4B5B5B00F02FB5 /* BadgeSymbol.swift */ = {isa = PBXFileReference; lastKnownFileType = sourcecode.swift; path = BadgeSymbol.swift; sourceTree = "<group>"; };
		782FD4CF2C4B5F2800F02FB5 /* RotatedBadgeSymbol.swift */ = {isa = PBXFileReference; lastKnownFileType = sourcecode.swift; path = RotatedBadgeSymbol.swift; sourceTree = "<group>"; };
		782FD4D12C4B5FB800F02FB5 /* Badge.swift */ = {isa = PBXFileReference; lastKnownFileType = sourcecode.swift; path = Badge.swift; sourceTree = "<group>"; };
		783106582C50D8EA00E51A32 /* NotificationView.swift */ = {isa = PBXFileReference; lastKnownFileType = sourcecode.swift; path = NotificationView.swift; sourceTree = "<group>"; };
		7831065A2C50DB3600E51A32 /* NotificationController.swift */ = {isa = PBXFileReference; lastKnownFileType = sourcecode.swift; path = NotificationController.swift; sourceTree = "<group>"; };
		7831065C2C50E06E00E51A32 /* NotificationPayload.apns */ = {isa = PBXFileReference; lastKnownFileType = text; path = NotificationPayload.apns; sourceTree = "<group>"; };
		784546242C513A0700A02039 /* MacLandmarks.app */ = {isa = PBXFileReference; explicitFileType = wrapper.application; includeInIndex = 0; path = MacLandmarks.app; sourceTree = BUILT_PRODUCTS_DIR; };
		784546282C513A0700A02039 /* ContentView.swift */ = {isa = PBXFileReference; lastKnownFileType = sourcecode.swift; path = ContentView.swift; sourceTree = "<group>"; };
		7845462A2C513A0800A02039 /* Assets.xcassets */ = {isa = PBXFileReference; lastKnownFileType = folder.assetcatalog; path = Assets.xcassets; sourceTree = "<group>"; };
		7845462D2C513A0800A02039 /* Preview Assets.xcassets */ = {isa = PBXFileReference; lastKnownFileType = folder.assetcatalog; path = "Preview Assets.xcassets"; sourceTree = "<group>"; };
		7845462F2C513A0800A02039 /* MacLandmarks.entitlements */ = {isa = PBXFileReference; lastKnownFileType = text.plist.entitlements; path = MacLandmarks.entitlements; sourceTree = "<group>"; };
		784546342C513A0900A02039 /* MacLandmarksTests.xctest */ = {isa = PBXFileReference; explicitFileType = wrapper.cfbundle; includeInIndex = 0; path = MacLandmarksTests.xctest; sourceTree = BUILT_PRODUCTS_DIR; };
		784546382C513A0900A02039 /* MacLandmarksTests.swift */ = {isa = PBXFileReference; lastKnownFileType = sourcecode.swift; path = MacLandmarksTests.swift; sourceTree = "<group>"; };
		7845463E2C513A0900A02039 /* MacLandmarksUITests.xctest */ = {isa = PBXFileReference; explicitFileType = wrapper.cfbundle; includeInIndex = 0; path = MacLandmarksUITests.xctest; sourceTree = BUILT_PRODUCTS_DIR; };
		784546422C513A0900A02039 /* MacLandmarksUITests.swift */ = {isa = PBXFileReference; lastKnownFileType = sourcecode.swift; path = MacLandmarksUITests.swift; sourceTree = "<group>"; };
		784546442C513A0900A02039 /* MacLandmarksUITestsLaunchTests.swift */ = {isa = PBXFileReference; lastKnownFileType = sourcecode.swift; path = MacLandmarksUITestsLaunchTests.swift; sourceTree = "<group>"; };
		78691E5B2C4A9ED700BDF80B /* FavoriteButton.swift */ = {isa = PBXFileReference; lastKnownFileType = sourcecode.swift; path = FavoriteButton.swift; sourceTree = "<group>"; };
		7875E1B12C4A0A2C00CAB26F /* Landmarks.app */ = {isa = PBXFileReference; explicitFileType = wrapper.application; includeInIndex = 0; path = Landmarks.app; sourceTree = BUILT_PRODUCTS_DIR; };
		7875E1B42C4A0A2C00CAB26F /* LandmarksApp.swift */ = {isa = PBXFileReference; lastKnownFileType = sourcecode.swift; path = LandmarksApp.swift; sourceTree = "<group>"; };
		7875E1B62C4A0A2C00CAB26F /* ContentView.swift */ = {isa = PBXFileReference; lastKnownFileType = sourcecode.swift; path = ContentView.swift; sourceTree = "<group>"; };
		7875E1B82C4A0A2D00CAB26F /* Assets.xcassets */ = {isa = PBXFileReference; lastKnownFileType = folder.assetcatalog; path = Assets.xcassets; sourceTree = "<group>"; };
		7875E1BB2C4A0A2D00CAB26F /* Preview Assets.xcassets */ = {isa = PBXFileReference; lastKnownFileType = folder.assetcatalog; path = "Preview Assets.xcassets"; sourceTree = "<group>"; };
		7875E1C12C4A0A2D00CAB26F /* LandmarksTests.xctest */ = {isa = PBXFileReference; explicitFileType = wrapper.cfbundle; includeInIndex = 0; path = LandmarksTests.xctest; sourceTree = BUILT_PRODUCTS_DIR; };
		7875E1C52C4A0A2D00CAB26F /* LandmarksTests.swift */ = {isa = PBXFileReference; lastKnownFileType = sourcecode.swift; path = LandmarksTests.swift; sourceTree = "<group>"; };
		7875E1CB2C4A0A2D00CAB26F /* LandmarksUITests.xctest */ = {isa = PBXFileReference; explicitFileType = wrapper.cfbundle; includeInIndex = 0; path = LandmarksUITests.xctest; sourceTree = BUILT_PRODUCTS_DIR; };
		7875E1CF2C4A0A2D00CAB26F /* LandmarksUITests.swift */ = {isa = PBXFileReference; lastKnownFileType = sourcecode.swift; path = LandmarksUITests.swift; sourceTree = "<group>"; };
		7875E1D12C4A0A2D00CAB26F /* LandmarksUITestsLaunchTests.swift */ = {isa = PBXFileReference; lastKnownFileType = sourcecode.swift; path = LandmarksUITestsLaunchTests.swift; sourceTree = "<group>"; };
		7875E1DE2C4A0FCD00CAB26F /* CircleImage.swift */ = {isa = PBXFileReference; lastKnownFileType = sourcecode.swift; path = CircleImage.swift; sourceTree = "<group>"; };
		7875E1E02C4A110700CAB26F /* MapView.swift */ = {isa = PBXFileReference; lastKnownFileType = sourcecode.swift; path = MapView.swift; sourceTree = "<group>"; };
		7875E1E22C4A17AB00CAB26F /* landmarkData.json */ = {isa = PBXFileReference; fileEncoding = 4; lastKnownFileType = text.json; path = landmarkData.json; sourceTree = "<group>"; };
		7875E1E42C4A17CA00CAB26F /* Landmark.swift */ = {isa = PBXFileReference; lastKnownFileType = sourcecode.swift; path = Landmark.swift; sourceTree = "<group>"; };
		7875E1E62C4A2EF300CAB26F /* ModelData.swift */ = {isa = PBXFileReference; lastKnownFileType = sourcecode.swift; path = ModelData.swift; sourceTree = "<group>"; };
		7875E1EB2C4A325200CAB26F /* LandmarkRow.swift */ = {isa = PBXFileReference; lastKnownFileType = sourcecode.swift; path = LandmarkRow.swift; sourceTree = "<group>"; };
		7875E1ED2C4A34D300CAB26F /* LandmarkList.swift */ = {isa = PBXFileReference; lastKnownFileType = sourcecode.swift; path = LandmarkList.swift; sourceTree = "<group>"; };
		7875E1EF2C4A375D00CAB26F /* LandmarkDetail.swift */ = {isa = PBXFileReference; lastKnownFileType = sourcecode.swift; path = LandmarkDetail.swift; sourceTree = "<group>"; };
		787736A32C4F4D5600E08A5B /* CategoryRow.swift */ = {isa = PBXFileReference; lastKnownFileType = sourcecode.swift; path = CategoryRow.swift; sourceTree = "<group>"; };
		787736A52C4F4F5700E08A5B /* CategoryItem.swift */ = {isa = PBXFileReference; lastKnownFileType = sourcecode.swift; path = CategoryItem.swift; sourceTree = "<group>"; };
		787736A72C4F57B200E08A5B /* Profile.swift */ = {isa = PBXFileReference; lastKnownFileType = sourcecode.swift; path = Profile.swift; sourceTree = "<group>"; };
		787736AA2C4F58EA00E08A5B /* ProfileHost.swift */ = {isa = PBXFileReference; lastKnownFileType = sourcecode.swift; path = ProfileHost.swift; sourceTree = "<group>"; };
		787736AC2C4F594500E08A5B /* ProfileSummary.swift */ = {isa = PBXFileReference; lastKnownFileType = sourcecode.swift; path = ProfileSummary.swift; sourceTree = "<group>"; };
		787736AE2C4F5B8D00E08A5B /* HikeBadge.swift */ = {isa = PBXFileReference; lastKnownFileType = sourcecode.swift; path = HikeBadge.swift; sourceTree = "<group>"; };
		787736B02C4F742D00E08A5B /* ProfileEditor.swift */ = {isa = PBXFileReference; lastKnownFileType = sourcecode.swift; path = ProfileEditor.swift; sourceTree = "<group>"; };
		78AA20582C50A01B0032A7DA /* PageViewController.swift */ = {isa = PBXFileReference; lastKnownFileType = sourcecode.swift; path = PageViewController.swift; sourceTree = "<group>"; };
		78AA205A2C50A32A0032A7DA /* FeatureCard.swift */ = {isa = PBXFileReference; lastKnownFileType = sourcecode.swift; path = FeatureCard.swift; sourceTree = "<group>"; };
		78AA205C2C50A6780032A7DA /* PageView.swift */ = {isa = PBXFileReference; lastKnownFileType = sourcecode.swift; path = PageView.swift; sourceTree = "<group>"; };
		78AA205E2C50C2AB0032A7DA /* PageControl.swift */ = {isa = PBXFileReference; lastKnownFileType = sourcecode.swift; path = PageControl.swift; sourceTree = "<group>"; };
		78AA20642C50D1700032A7DA /* WatchLandmarks Watch App.app */ = {isa = PBXFileReference; explicitFileType = wrapper.application; includeInIndex = 0; path = "WatchLandmarks Watch App.app"; sourceTree = BUILT_PRODUCTS_DIR; };
		78AA20682C50D1700032A7DA /* ContentView.swift */ = {isa = PBXFileReference; lastKnownFileType = sourcecode.swift; path = ContentView.swift; sourceTree = "<group>"; };
		78AA206A2C50D1720032A7DA /* Assets.xcassets */ = {isa = PBXFileReference; lastKnownFileType = folder.assetcatalog; path = Assets.xcassets; sourceTree = "<group>"; };
		78AA206D2C50D1720032A7DA /* Preview Assets.xcassets */ = {isa = PBXFileReference; lastKnownFileType = folder.assetcatalog; path = "Preview Assets.xcassets"; sourceTree = "<group>"; };
		78AA20732C50D1720032A7DA /* WatchLandmarks Watch AppTests.xctest */ = {isa = PBXFileReference; explicitFileType = wrapper.cfbundle; includeInIndex = 0; path = "WatchLandmarks Watch AppTests.xctest"; sourceTree = BUILT_PRODUCTS_DIR; };
		78AA20772C50D1720032A7DA /* WatchLandmarks_Watch_AppTests.swift */ = {isa = PBXFileReference; lastKnownFileType = sourcecode.swift; path = WatchLandmarks_Watch_AppTests.swift; sourceTree = "<group>"; };
		78AA207D2C50D1720032A7DA /* WatchLandmarks Watch AppUITests.xctest */ = {isa = PBXFileReference; explicitFileType = wrapper.cfbundle; includeInIndex = 0; path = "WatchLandmarks Watch AppUITests.xctest"; sourceTree = BUILT_PRODUCTS_DIR; };
		78AA20812C50D1720032A7DA /* WatchLandmarks_Watch_AppUITests.swift */ = {isa = PBXFileReference; lastKnownFileType = sourcecode.swift; path = WatchLandmarks_Watch_AppUITests.swift; sourceTree = "<group>"; };
		78AA20832C50D1720032A7DA /* WatchLandmarks_Watch_AppUITestsLaunchTests.swift */ = {isa = PBXFileReference; lastKnownFileType = sourcecode.swift; path = WatchLandmarks_Watch_AppUITestsLaunchTests.swift; sourceTree = "<group>"; };
		78AA209B2C50D3970032A7DA /* LandmarkDetail.swift */ = {isa = PBXFileReference; lastKnownFileType = sourcecode.swift; path = LandmarkDetail.swift; sourceTree = "<group>"; };
/* End PBXFileReference section */

/* Begin PBXFrameworksBuildPhase section */
		784546212C513A0700A02039 /* Frameworks */ = {
			isa = PBXFrameworksBuildPhase;
			buildActionMask = 2147483647;
			files = (
			);
			runOnlyForDeploymentPostprocessing = 0;
		};
		784546312C513A0800A02039 /* Frameworks */ = {
			isa = PBXFrameworksBuildPhase;
			buildActionMask = 2147483647;
			files = (
			);
			runOnlyForDeploymentPostprocessing = 0;
		};
		7845463B2C513A0900A02039 /* Frameworks */ = {
			isa = PBXFrameworksBuildPhase;
			buildActionMask = 2147483647;
			files = (
			);
			runOnlyForDeploymentPostprocessing = 0;
		};
		7875E1AE2C4A0A2C00CAB26F /* Frameworks */ = {
			isa = PBXFrameworksBuildPhase;
			buildActionMask = 2147483647;
			files = (
			);
			runOnlyForDeploymentPostprocessing = 0;
		};
		7875E1BE2C4A0A2D00CAB26F /* Frameworks */ = {
			isa = PBXFrameworksBuildPhase;
			buildActionMask = 2147483647;
			files = (
			);
			runOnlyForDeploymentPostprocessing = 0;
		};
		7875E1C82C4A0A2D00CAB26F /* Frameworks */ = {
			isa = PBXFrameworksBuildPhase;
			buildActionMask = 2147483647;
			files = (
			);
			runOnlyForDeploymentPostprocessing = 0;
		};
		78AA20612C50D1700032A7DA /* Frameworks */ = {
			isa = PBXFrameworksBuildPhase;
			buildActionMask = 2147483647;
			files = (
			);
			runOnlyForDeploymentPostprocessing = 0;
		};
		78AA20702C50D1720032A7DA /* Frameworks */ = {
			isa = PBXFrameworksBuildPhase;
			buildActionMask = 2147483647;
			files = (
			);
			runOnlyForDeploymentPostprocessing = 0;
		};
		78AA207A2C50D1720032A7DA /* Frameworks */ = {
			isa = PBXFrameworksBuildPhase;
			buildActionMask = 2147483647;
			files = (
			);
			runOnlyForDeploymentPostprocessing = 0;
		};
/* End PBXFrameworksBuildPhase section */

/* Begin PBXGroup section */
		781471142C4F3F85003945EF /* Hikes */ = {
			isa = PBXGroup;
			children = (
				781471102C4F3F85003945EF /* GraphCapsule.swift */,
				781471112C4F3F85003945EF /* HikeDetail.swift */,
				781471122C4F3F85003945EF /* HikeGraph.swift */,
				781471132C4F3F85003945EF /* HikeView.swift */,
				787736AE2C4F5B8D00E08A5B /* HikeBadge.swift */,
			);
			path = Hikes;
			sourceTree = "<group>";
		};
		781471192C4F4716003945EF /* Categories */ = {
			isa = PBXGroup;
			children = (
				7814711C2C4F47AD003945EF /* CategoryHome.swift */,
				787736A32C4F4D5600E08A5B /* CategoryRow.swift */,
				787736A52C4F4F5700E08A5B /* CategoryItem.swift */,
			);
			path = Categories;
			sourceTree = "<group>";
		};
		782FD4D32C4B61D000F02FB5 /* Badges */ = {
			isa = PBXGroup;
			children = (
				782FD4C92C4B46C900F02FB5 /* HexagonParameters.swift */,
				782FD4CB2C4B494200F02FB5 /* BadgeBackground.swift */,
				782FD4CD2C4B5B5B00F02FB5 /* BadgeSymbol.swift */,
				782FD4CF2C4B5F2800F02FB5 /* RotatedBadgeSymbol.swift */,
				782FD4D12C4B5FB800F02FB5 /* Badge.swift */,
			);
			path = Badges;
			sourceTree = "<group>";
		};
		784546252C513A0700A02039 /* MacLandmarks */ = {
			isa = PBXGroup;
			children = (
				7806D2DF2C51E99000081332 /* LandmarkCommands.swift */,
				784546282C513A0700A02039 /* ContentView.swift */,
				7806D2DA2C513E1800081332 /* LandmarkDetail.swift */,
				7845462A2C513A0800A02039 /* Assets.xcassets */,
				7845462F2C513A0800A02039 /* MacLandmarks.entitlements */,
				7845462C2C513A0800A02039 /* Preview Content */,
				7806D2E52C51F6CA00081332 /* LandmarkSettings.swift */,
			);
			path = MacLandmarks;
			sourceTree = "<group>";
		};
		7845462C2C513A0800A02039 /* Preview Content */ = {
			isa = PBXGroup;
			children = (
				7845462D2C513A0800A02039 /* Preview Assets.xcassets */,
			);
			path = "Preview Content";
			sourceTree = "<group>";
		};
		784546372C513A0900A02039 /* MacLandmarksTests */ = {
			isa = PBXGroup;
			children = (
				784546382C513A0900A02039 /* MacLandmarksTests.swift */,
			);
			path = MacLandmarksTests;
			sourceTree = "<group>";
		};
		784546412C513A0900A02039 /* MacLandmarksUITests */ = {
			isa = PBXGroup;
			children = (
				784546422C513A0900A02039 /* MacLandmarksUITests.swift */,
				784546442C513A0900A02039 /* MacLandmarksUITestsLaunchTests.swift */,
			);
			path = MacLandmarksUITests;
			sourceTree = "<group>";
		};
		78691E5D2C4A9FF900BDF80B /* Landmarks */ = {
			isa = PBXGroup;
			children = (
				7875E1EB2C4A325200CAB26F /* LandmarkRow.swift */,
				7875E1ED2C4A34D300CAB26F /* LandmarkList.swift */,
				7875E1EF2C4A375D00CAB26F /* LandmarkDetail.swift */,
			);
			path = Landmarks;
			sourceTree = "<group>";
		};
		78691E5E2C4AA01500BDF80B /* Helper */ = {
			isa = PBXGroup;
			children = (
				7875E1E02C4A110700CAB26F /* MapView.swift */,
				7875E1DE2C4A0FCD00CAB26F /* CircleImage.swift */,
				78691E5B2C4A9ED700BDF80B /* FavoriteButton.swift */,
			);
			path = Helper;
			sourceTree = "<group>";
		};
		7875E1A82C4A0A2C00CAB26F = {
			isa = PBXGroup;
			children = (
				7831065C2C50E06E00E51A32 /* NotificationPayload.apns */,
				7875E1B32C4A0A2C00CAB26F /* Landmarks */,
				7875E1C42C4A0A2D00CAB26F /* LandmarksTests */,
				7875E1CE2C4A0A2D00CAB26F /* LandmarksUITests */,
				78AA20652C50D1700032A7DA /* WatchLandmarks Watch App */,
				78AA20762C50D1720032A7DA /* WatchLandmarks Watch AppTests */,
				78AA20802C50D1720032A7DA /* WatchLandmarks Watch AppUITests */,
				784546252C513A0700A02039 /* MacLandmarks */,
				784546372C513A0900A02039 /* MacLandmarksTests */,
				784546412C513A0900A02039 /* MacLandmarksUITests */,
				7875E1B22C4A0A2C00CAB26F /* Products */,
			);
			sourceTree = "<group>";
		};
		7875E1B22C4A0A2C00CAB26F /* Products */ = {
			isa = PBXGroup;
			children = (
				7875E1B12C4A0A2C00CAB26F /* Landmarks.app */,
				7875E1C12C4A0A2D00CAB26F /* LandmarksTests.xctest */,
				7875E1CB2C4A0A2D00CAB26F /* LandmarksUITests.xctest */,
				78AA20642C50D1700032A7DA /* WatchLandmarks Watch App.app */,
				78AA20732C50D1720032A7DA /* WatchLandmarks Watch AppTests.xctest */,
				78AA207D2C50D1720032A7DA /* WatchLandmarks Watch AppUITests.xctest */,
				784546242C513A0700A02039 /* MacLandmarks.app */,
				784546342C513A0900A02039 /* MacLandmarksTests.xctest */,
				7845463E2C513A0900A02039 /* MacLandmarksUITests.xctest */,
			);
			name = Products;
			sourceTree = "<group>";
		};
		7875E1B32C4A0A2C00CAB26F /* Landmarks */ = {
			isa = PBXGroup;
			children = (
				7875E1EA2C4A317400CAB26F /* Resources */,
				7875E1E92C4A315200CAB26F /* Model */,
				7875E1E82C4A312800CAB26F /* Views */,
				7875E1B42C4A0A2C00CAB26F /* LandmarksApp.swift */,
				7875E1B82C4A0A2D00CAB26F /* Assets.xcassets */,
				7875E1BA2C4A0A2D00CAB26F /* Preview Content */,
			);
			path = Landmarks;
			sourceTree = "<group>";
		};
		7875E1BA2C4A0A2D00CAB26F /* Preview Content */ = {
			isa = PBXGroup;
			children = (
				7875E1BB2C4A0A2D00CAB26F /* Preview Assets.xcassets */,
			);
			path = "Preview Content";
			sourceTree = "<group>";
		};
		7875E1C42C4A0A2D00CAB26F /* LandmarksTests */ = {
			isa = PBXGroup;
			children = (
				7875E1C52C4A0A2D00CAB26F /* LandmarksTests.swift */,
			);
			path = LandmarksTests;
			sourceTree = "<group>";
		};
		7875E1CE2C4A0A2D00CAB26F /* LandmarksUITests */ = {
			isa = PBXGroup;
			children = (
				7875E1CF2C4A0A2D00CAB26F /* LandmarksUITests.swift */,
				7875E1D12C4A0A2D00CAB26F /* LandmarksUITestsLaunchTests.swift */,
			);
			path = LandmarksUITests;
			sourceTree = "<group>";
		};
		7875E1E82C4A312800CAB26F /* Views */ = {
			isa = PBXGroup;
			children = (
				78AA20572C509FFC0032A7DA /* PageView */,
				7875E1B62C4A0A2C00CAB26F /* ContentView.swift */,
				787736A92C4F58AF00E08A5B /* Profiles */,
				781471192C4F4716003945EF /* Categories */,
				781471142C4F3F85003945EF /* Hikes */,
				782FD4D32C4B61D000F02FB5 /* Badges */,
				78691E5D2C4A9FF900BDF80B /* Landmarks */,
				78691E5E2C4AA01500BDF80B /* Helper */,
			);
			path = Views;
			sourceTree = "<group>";
		};
		7875E1E92C4A315200CAB26F /* Model */ = {
			isa = PBXGroup;
			children = (
				787736A72C4F57B200E08A5B /* Profile.swift */,
				7814710E2C4F3D94003945EF /* Hike.swift */,
				7875E1E62C4A2EF300CAB26F /* ModelData.swift */,
				7875E1E42C4A17CA00CAB26F /* Landmark.swift */,
			);
			path = Model;
			sourceTree = "<group>";
		};
		7875E1EA2C4A317400CAB26F /* Resources */ = {
			isa = PBXGroup;
			children = (
				7814710C2C4F3D70003945EF /* hikeData.json */,
				7875E1E22C4A17AB00CAB26F /* landmarkData.json */,
			);
			path = Resources;
			sourceTree = "<group>";
		};
		787736A92C4F58AF00E08A5B /* Profiles */ = {
			isa = PBXGroup;
			children = (
				787736AA2C4F58EA00E08A5B /* ProfileHost.swift */,
				787736B02C4F742D00E08A5B /* ProfileEditor.swift */,
				787736AC2C4F594500E08A5B /* ProfileSummary.swift */,
			);
			path = Profiles;
			sourceTree = "<group>";
		};
		78AA20572C509FFC0032A7DA /* PageView */ = {
			isa = PBXGroup;
			children = (
				78AA20582C50A01B0032A7DA /* PageViewController.swift */,
				78AA205E2C50C2AB0032A7DA /* PageControl.swift */,
				78AA205C2C50A6780032A7DA /* PageView.swift */,
				78AA205A2C50A32A0032A7DA /* FeatureCard.swift */,
			);
			path = PageView;
			sourceTree = "<group>";
		};
		78AA20652C50D1700032A7DA /* WatchLandmarks Watch App */ = {
			isa = PBXGroup;
			children = (
				78AA20682C50D1700032A7DA /* ContentView.swift */,
				783106582C50D8EA00E51A32 /* NotificationView.swift */,
				78AA209B2C50D3970032A7DA /* LandmarkDetail.swift */,
				78AA206A2C50D1720032A7DA /* Assets.xcassets */,
				78AA206C2C50D1720032A7DA /* Preview Content */,
				7831065A2C50DB3600E51A32 /* NotificationController.swift */,
				7806D2DD2C51D7CD00081332 /* LandmarkList.swift */,
			);
			path = "WatchLandmarks Watch App";
			sourceTree = "<group>";
		};
		78AA206C2C50D1720032A7DA /* Preview Content */ = {
			isa = PBXGroup;
			children = (
				78AA206D2C50D1720032A7DA /* Preview Assets.xcassets */,
			);
			path = "Preview Content";
			sourceTree = "<group>";
		};
		78AA20762C50D1720032A7DA /* WatchLandmarks Watch AppTests */ = {
			isa = PBXGroup;
			children = (
				78AA20772C50D1720032A7DA /* WatchLandmarks_Watch_AppTests.swift */,
			);
			path = "WatchLandmarks Watch AppTests";
			sourceTree = "<group>";
		};
		78AA20802C50D1720032A7DA /* WatchLandmarks Watch AppUITests */ = {
			isa = PBXGroup;
			children = (
				78AA20812C50D1720032A7DA /* WatchLandmarks_Watch_AppUITests.swift */,
				78AA20832C50D1720032A7DA /* WatchLandmarks_Watch_AppUITestsLaunchTests.swift */,
			);
			path = "WatchLandmarks Watch AppUITests";
			sourceTree = "<group>";
		};
/* End PBXGroup section */

/* Begin PBXNativeTarget section */
		784546232C513A0700A02039 /* MacLandmarks */ = {
			isa = PBXNativeTarget;
			buildConfigurationList = 7845464C2C513A0900A02039 /* Build configuration list for PBXNativeTarget "MacLandmarks" */;
			buildPhases = (
				784546202C513A0700A02039 /* Sources */,
				784546212C513A0700A02039 /* Frameworks */,
				784546222C513A0700A02039 /* Resources */,
			);
			buildRules = (
			);
			dependencies = (
			);
			name = MacLandmarks;
			productName = MacLandmarks;
			productReference = 784546242C513A0700A02039 /* MacLandmarks.app */;
			productType = "com.apple.product-type.application";
		};
		784546332C513A0800A02039 /* MacLandmarksTests */ = {
			isa = PBXNativeTarget;
			buildConfigurationList = 7845464D2C513A0900A02039 /* Build configuration list for PBXNativeTarget "MacLandmarksTests" */;
			buildPhases = (
				784546302C513A0800A02039 /* Sources */,
				784546312C513A0800A02039 /* Frameworks */,
				784546322C513A0800A02039 /* Resources */,
			);
			buildRules = (
			);
			dependencies = (
				784546362C513A0900A02039 /* PBXTargetDependency */,
			);
			name = MacLandmarksTests;
			productName = MacLandmarksTests;
			productReference = 784546342C513A0900A02039 /* MacLandmarksTests.xctest */;
			productType = "com.apple.product-type.bundle.unit-test";
		};
		7845463D2C513A0900A02039 /* MacLandmarksUITests */ = {
			isa = PBXNativeTarget;
			buildConfigurationList = 7845464E2C513A0900A02039 /* Build configuration list for PBXNativeTarget "MacLandmarksUITests" */;
			buildPhases = (
				7845463A2C513A0900A02039 /* Sources */,
				7845463B2C513A0900A02039 /* Frameworks */,
				7845463C2C513A0900A02039 /* Resources */,
			);
			buildRules = (
			);
			dependencies = (
				784546402C513A0900A02039 /* PBXTargetDependency */,
			);
			name = MacLandmarksUITests;
			productName = MacLandmarksUITests;
			productReference = 7845463E2C513A0900A02039 /* MacLandmarksUITests.xctest */;
			productType = "com.apple.product-type.bundle.ui-testing";
		};
		7875E1B02C4A0A2C00CAB26F /* Landmarks */ = {
			isa = PBXNativeTarget;
			buildConfigurationList = 7875E1D52C4A0A2D00CAB26F /* Build configuration list for PBXNativeTarget "Landmarks" */;
			buildPhases = (
				7875E1AD2C4A0A2C00CAB26F /* Sources */,
				7875E1AE2C4A0A2C00CAB26F /* Frameworks */,
				7875E1AF2C4A0A2C00CAB26F /* Resources */,
				78AA208B2C50D1720032A7DA /* Embed Watch Content */,
			);
			buildRules = (
			);
			dependencies = (
				78AA20862C50D1720032A7DA /* PBXTargetDependency */,
			);
			name = Landmarks;
			productName = Landmarks;
			productReference = 7875E1B12C4A0A2C00CAB26F /* Landmarks.app */;
			productType = "com.apple.product-type.application";
		};
		7875E1C02C4A0A2D00CAB26F /* LandmarksTests */ = {
			isa = PBXNativeTarget;
			buildConfigurationList = 7875E1D82C4A0A2D00CAB26F /* Build configuration list for PBXNativeTarget "LandmarksTests" */;
			buildPhases = (
				7875E1BD2C4A0A2D00CAB26F /* Sources */,
				7875E1BE2C4A0A2D00CAB26F /* Frameworks */,
				7875E1BF2C4A0A2D00CAB26F /* Resources */,
			);
			buildRules = (
			);
			dependencies = (
				7875E1C32C4A0A2D00CAB26F /* PBXTargetDependency */,
			);
			name = LandmarksTests;
			productName = LandmarksTests;
			productReference = 7875E1C12C4A0A2D00CAB26F /* LandmarksTests.xctest */;
			productType = "com.apple.product-type.bundle.unit-test";
		};
		7875E1CA2C4A0A2D00CAB26F /* LandmarksUITests */ = {
			isa = PBXNativeTarget;
			buildConfigurationList = 7875E1DB2C4A0A2D00CAB26F /* Build configuration list for PBXNativeTarget "LandmarksUITests" */;
			buildPhases = (
				7875E1C72C4A0A2D00CAB26F /* Sources */,
				7875E1C82C4A0A2D00CAB26F /* Frameworks */,
				7875E1C92C4A0A2D00CAB26F /* Resources */,
			);
			buildRules = (
			);
			dependencies = (
				7875E1CD2C4A0A2D00CAB26F /* PBXTargetDependency */,
			);
			name = LandmarksUITests;
			productName = LandmarksUITests;
			productReference = 7875E1CB2C4A0A2D00CAB26F /* LandmarksUITests.xctest */;
			productType = "com.apple.product-type.bundle.ui-testing";
		};
		78AA20632C50D1700032A7DA /* WatchLandmarks Watch App */ = {
			isa = PBXNativeTarget;
			buildConfigurationList = 78AA20882C50D1720032A7DA /* Build configuration list for PBXNativeTarget "WatchLandmarks Watch App" */;
			buildPhases = (
				78AA20602C50D1700032A7DA /* Sources */,
				78AA20612C50D1700032A7DA /* Frameworks */,
				78AA20622C50D1700032A7DA /* Resources */,
			);
			buildRules = (
			);
			dependencies = (
			);
			name = "WatchLandmarks Watch App";
			productName = "WatchLandmarks Watch App";
			productReference = 78AA20642C50D1700032A7DA /* WatchLandmarks Watch App.app */;
			productType = "com.apple.product-type.application";
		};
		78AA20722C50D1720032A7DA /* WatchLandmarks Watch AppTests */ = {
			isa = PBXNativeTarget;
			buildConfigurationList = 78AA208C2C50D1720032A7DA /* Build configuration list for PBXNativeTarget "WatchLandmarks Watch AppTests" */;
			buildPhases = (
				78AA206F2C50D1720032A7DA /* Sources */,
				78AA20702C50D1720032A7DA /* Frameworks */,
				78AA20712C50D1720032A7DA /* Resources */,
			);
			buildRules = (
			);
			dependencies = (
				78AA20752C50D1720032A7DA /* PBXTargetDependency */,
			);
			name = "WatchLandmarks Watch AppTests";
			productName = "WatchLandmarks Watch AppTests";
			productReference = 78AA20732C50D1720032A7DA /* WatchLandmarks Watch AppTests.xctest */;
			productType = "com.apple.product-type.bundle.unit-test";
		};
		78AA207C2C50D1720032A7DA /* WatchLandmarks Watch AppUITests */ = {
			isa = PBXNativeTarget;
			buildConfigurationList = 78AA208F2C50D1720032A7DA /* Build configuration list for PBXNativeTarget "WatchLandmarks Watch AppUITests" */;
			buildPhases = (
				78AA20792C50D1720032A7DA /* Sources */,
				78AA207A2C50D1720032A7DA /* Frameworks */,
				78AA207B2C50D1720032A7DA /* Resources */,
			);
			buildRules = (
			);
			dependencies = (
				78AA207F2C50D1720032A7DA /* PBXTargetDependency */,
			);
			name = "WatchLandmarks Watch AppUITests";
			productName = "WatchLandmarks Watch AppUITests";
			productReference = 78AA207D2C50D1720032A7DA /* WatchLandmarks Watch AppUITests.xctest */;
			productType = "com.apple.product-type.bundle.ui-testing";
		};
/* End PBXNativeTarget section */

/* Begin PBXProject section */
		7875E1A92C4A0A2C00CAB26F /* Project object */ = {
			isa = PBXProject;
			attributes = {
				BuildIndependentTargetsInParallel = 1;
				LastSwiftUpdateCheck = 1540;
				LastUpgradeCheck = 1540;
				TargetAttributes = {
					784546232C513A0700A02039 = {
						CreatedOnToolsVersion = 15.4;
					};
					784546332C513A0800A02039 = {
						CreatedOnToolsVersion = 15.4;
						TestTargetID = 784546232C513A0700A02039;
					};
					7845463D2C513A0900A02039 = {
						CreatedOnToolsVersion = 15.4;
						TestTargetID = 784546232C513A0700A02039;
					};
					7875E1B02C4A0A2C00CAB26F = {
						CreatedOnToolsVersion = 15.4;
					};
					7875E1C02C4A0A2D00CAB26F = {
						CreatedOnToolsVersion = 15.4;
						TestTargetID = 7875E1B02C4A0A2C00CAB26F;
					};
					7875E1CA2C4A0A2D00CAB26F = {
						CreatedOnToolsVersion = 15.4;
						TestTargetID = 7875E1B02C4A0A2C00CAB26F;
					};
					78AA20632C50D1700032A7DA = {
						CreatedOnToolsVersion = 15.4;
					};
					78AA20722C50D1720032A7DA = {
						CreatedOnToolsVersion = 15.4;
						TestTargetID = 78AA20632C50D1700032A7DA;
					};
					78AA207C2C50D1720032A7DA = {
						CreatedOnToolsVersion = 15.4;
						TestTargetID = 78AA20632C50D1700032A7DA;
					};
				};
			};
			buildConfigurationList = 7875E1AC2C4A0A2C00CAB26F /* Build configuration list for PBXProject "Landmarks" */;
			compatibilityVersion = "Xcode 14.0";
			developmentRegion = en;
			hasScannedForEncodings = 0;
			knownRegions = (
				en,
				Base,
			);
			mainGroup = 7875E1A82C4A0A2C00CAB26F;
			productRefGroup = 7875E1B22C4A0A2C00CAB26F /* Products */;
			projectDirPath = "";
			projectRoot = "";
			targets = (
				7875E1B02C4A0A2C00CAB26F /* Landmarks */,
				7875E1C02C4A0A2D00CAB26F /* LandmarksTests */,
				7875E1CA2C4A0A2D00CAB26F /* LandmarksUITests */,
				78AA20632C50D1700032A7DA /* WatchLandmarks Watch App */,
				78AA20722C50D1720032A7DA /* WatchLandmarks Watch AppTests */,
				78AA207C2C50D1720032A7DA /* WatchLandmarks Watch AppUITests */,
				784546232C513A0700A02039 /* MacLandmarks */,
				784546332C513A0800A02039 /* MacLandmarksTests */,
				7845463D2C513A0900A02039 /* MacLandmarksUITests */,
			);
		};
/* End PBXProject section */

/* Begin PBXResourcesBuildPhase section */
		784546222C513A0700A02039 /* Resources */ = {
			isa = PBXResourcesBuildPhase;
			buildActionMask = 2147483647;
			files = (
				7806D2CE2C513D0A00081332 /* landmarkData.json in Resources */,
				7806D2CF2C513D0A00081332 /* hikeData.json in Resources */,
				7845462E2C513A0800A02039 /* Preview Assets.xcassets in Resources */,
				7845462B2C513A0800A02039 /* Assets.xcassets in Resources */,
				7806D2DC2C51D47400081332 /* Assets.xcassets in Resources */,
			);
			runOnlyForDeploymentPostprocessing = 0;
		};
		784546322C513A0800A02039 /* Resources */ = {
			isa = PBXResourcesBuildPhase;
			buildActionMask = 2147483647;
			files = (
			);
			runOnlyForDeploymentPostprocessing = 0;
		};
		7845463C2C513A0900A02039 /* Resources */ = {
			isa = PBXResourcesBuildPhase;
			buildActionMask = 2147483647;
			files = (
			);
			runOnlyForDeploymentPostprocessing = 0;
		};
		7875E1AF2C4A0A2C00CAB26F /* Resources */ = {
			isa = PBXResourcesBuildPhase;
			buildActionMask = 2147483647;
			files = (
				7814710D2C4F3D70003945EF /* hikeData.json in Resources */,
				7875E1BC2C4A0A2D00CAB26F /* Preview Assets.xcassets in Resources */,
				7875E1B92C4A0A2D00CAB26F /* Assets.xcassets in Resources */,
				7875E1E32C4A17AB00CAB26F /* landmarkData.json in Resources */,
			);
			runOnlyForDeploymentPostprocessing = 0;
		};
		7875E1BF2C4A0A2D00CAB26F /* Resources */ = {
			isa = PBXResourcesBuildPhase;
			buildActionMask = 2147483647;
			files = (
			);
			runOnlyForDeploymentPostprocessing = 0;
		};
		7875E1C92C4A0A2D00CAB26F /* Resources */ = {
			isa = PBXResourcesBuildPhase;
			buildActionMask = 2147483647;
			files = (
			);
			runOnlyForDeploymentPostprocessing = 0;
		};
		78AA20622C50D1700032A7DA /* Resources */ = {
			isa = PBXResourcesBuildPhase;
			buildActionMask = 2147483647;
			files = (
				783106552C50D5FF00E51A32 /* Assets.xcassets in Resources */,
				783106562C50D5FF00E51A32 /* landmarkData.json in Resources */,
				783106572C50D5FF00E51A32 /* hikeData.json in Resources */,
				78AA206E2C50D1720032A7DA /* Preview Assets.xcassets in Resources */,
				78AA206B2C50D1720032A7DA /* Assets.xcassets in Resources */,
			);
			runOnlyForDeploymentPostprocessing = 0;
		};
		78AA20712C50D1720032A7DA /* Resources */ = {
			isa = PBXResourcesBuildPhase;
			buildActionMask = 2147483647;
			files = (
			);
			runOnlyForDeploymentPostprocessing = 0;
		};
		78AA207B2C50D1720032A7DA /* Resources */ = {
			isa = PBXResourcesBuildPhase;
			buildActionMask = 2147483647;
			files = (
			);
			runOnlyForDeploymentPostprocessing = 0;
		};
/* End PBXResourcesBuildPhase section */

/* Begin PBXSourcesBuildPhase section */
		784546202C513A0700A02039 /* Sources */ = {
			isa = PBXSourcesBuildPhase;
			buildActionMask = 2147483647;
			files = (
				7806D2D02C513D0A00081332 /* LandmarkList.swift in Sources */,
				7806D2D12C513D0A00081332 /* MapView.swift in Sources */,
				7806D2E62C51F6CA00081332 /* LandmarkSettings.swift in Sources */,
				7806D2D22C513D0A00081332 /* Landmark.swift in Sources */,
				7806D2D32C513D0A00081332 /* LandmarkRow.swift in Sources */,
				7806D2E12C51E99000081332 /* LandmarkCommands.swift in Sources */,
				7806D2DB2C513E1800081332 /* LandmarkDetail.swift in Sources */,
				7806D2D42C513D0A00081332 /* CircleImage.swift in Sources */,
				7806D2D52C513D0A00081332 /* ModelData.swift in Sources */,
				7806D2D62C513D0A00081332 /* FavoriteButton.swift in Sources */,
				7806D2D72C513D0A00081332 /* Hike.swift in Sources */,
				7806D2D82C513D0A00081332 /* LandmarksApp.swift in Sources */,
				7806D2D92C513D0A00081332 /* Profile.swift in Sources */,
				784546292C513A0700A02039 /* ContentView.swift in Sources */,
			);
			runOnlyForDeploymentPostprocessing = 0;
		};
		784546302C513A0800A02039 /* Sources */ = {
			isa = PBXSourcesBuildPhase;
			buildActionMask = 2147483647;
			files = (
				784546392C513A0900A02039 /* MacLandmarksTests.swift in Sources */,
			);
			runOnlyForDeploymentPostprocessing = 0;
		};
		7845463A2C513A0900A02039 /* Sources */ = {
			isa = PBXSourcesBuildPhase;
			buildActionMask = 2147483647;
			files = (
				784546452C513A0900A02039 /* MacLandmarksUITestsLaunchTests.swift in Sources */,
				784546432C513A0900A02039 /* MacLandmarksUITests.swift in Sources */,
			);
			runOnlyForDeploymentPostprocessing = 0;
		};
		7875E1AD2C4A0A2C00CAB26F /* Sources */ = {
			isa = PBXSourcesBuildPhase;
			buildActionMask = 2147483647;
			files = (
				787736A42C4F4D5600E08A5B /* CategoryRow.swift in Sources */,
				787736A82C4F57B200E08A5B /* Profile.swift in Sources */,
				7806D2E22C51EAC900081332 /* LandmarkCommands.swift in Sources */,
				7875E1B72C4A0A2C00CAB26F /* ContentView.swift in Sources */,
				7814711D2C4F47AD003945EF /* CategoryHome.swift in Sources */,
				78AA205B2C50A32A0032A7DA /* FeatureCard.swift in Sources */,
				782FD4D22C4B5FB800F02FB5 /* Badge.swift in Sources */,
				7875E1E12C4A110700CAB26F /* MapView.swift in Sources */,
				781471152C4F3F85003945EF /* GraphCapsule.swift in Sources */,
				781471172C4F3F85003945EF /* HikeGraph.swift in Sources */,
				7875E1B52C4A0A2C00CAB26F /* LandmarksApp.swift in Sources */,
				78AA205F2C50C2AB0032A7DA /* PageControl.swift in Sources */,
				78691E5C2C4A9ED700BDF80B /* FavoriteButton.swift in Sources */,
				787736A62C4F4F5700E08A5B /* CategoryItem.swift in Sources */,
				782FD4CA2C4B46C900F02FB5 /* HexagonParameters.swift in Sources */,
				787736AD2C4F594500E08A5B /* ProfileSummary.swift in Sources */,
				7814710F2C4F3D94003945EF /* Hike.swift in Sources */,
				787736AB2C4F58EA00E08A5B /* ProfileHost.swift in Sources */,
				782FD4D02C4B5F2800F02FB5 /* RotatedBadgeSymbol.swift in Sources */,
				782FD4CE2C4B5B5B00F02FB5 /* BadgeSymbol.swift in Sources */,
				78AA205D2C50A6780032A7DA /* PageView.swift in Sources */,
				7875E1EE2C4A34D300CAB26F /* LandmarkList.swift in Sources */,
				787736B12C4F742D00E08A5B /* ProfileEditor.swift in Sources */,
				781471162C4F3F85003945EF /* HikeDetail.swift in Sources */,
				781471182C4F3F85003945EF /* HikeView.swift in Sources */,
				7875E1F02C4A375D00CAB26F /* LandmarkDetail.swift in Sources */,
				78AA20592C50A01B0032A7DA /* PageViewController.swift in Sources */,
				782FD4CC2C4B494200F02FB5 /* BadgeBackground.swift in Sources */,
				787736AF2C4F5B8D00E08A5B /* HikeBadge.swift in Sources */,
				7875E1DF2C4A0FCD00CAB26F /* CircleImage.swift in Sources */,
				7875E1E52C4A17CB00CAB26F /* Landmark.swift in Sources */,
				7875E1EC2C4A325200CAB26F /* LandmarkRow.swift in Sources */,
				7875E1E72C4A2EF300CAB26F /* ModelData.swift in Sources */,
			);
			runOnlyForDeploymentPostprocessing = 0;
		};
		7875E1BD2C4A0A2D00CAB26F /* Sources */ = {
			isa = PBXSourcesBuildPhase;
			buildActionMask = 2147483647;
			files = (
				7875E1C62C4A0A2D00CAB26F /* LandmarksTests.swift in Sources */,
			);
			runOnlyForDeploymentPostprocessing = 0;
		};
		7875E1C72C4A0A2D00CAB26F /* Sources */ = {
			isa = PBXSourcesBuildPhase;
			buildActionMask = 2147483647;
			files = (
				7875E1D22C4A0A2D00CAB26F /* LandmarksUITestsLaunchTests.swift in Sources */,
				7875E1D02C4A0A2D00CAB26F /* LandmarksUITests.swift in Sources */,
			);
			runOnlyForDeploymentPostprocessing = 0;
		};
		78AA20602C50D1700032A7DA /* Sources */ = {
			isa = PBXSourcesBuildPhase;
			buildActionMask = 2147483647;
			files = (
				78AA20692C50D1700032A7DA /* ContentView.swift in Sources */,
				78AA20922C50D2E10032A7DA /* LandmarkRow.swift in Sources */,
				78AA20932C50D2E10032A7DA /* LandmarksApp.swift in Sources */,
				7806D2DE2C51D7CD00081332 /* LandmarkList.swift in Sources */,
				78AA20942C50D2E10032A7DA /* ModelData.swift in Sources */,
				78AA20952C50D2E10032A7DA /* Hike.swift in Sources */,
				78AA20962C50D2E10032A7DA /* MapView.swift in Sources */,
				78AA20972C50D2E10032A7DA /* Landmark.swift in Sources */,
				78AA20982C50D2E10032A7DA /* Profile.swift in Sources */,
				78AA20992C50D2E10032A7DA /* CircleImage.swift in Sources */,
				7831065B2C50DB3600E51A32 /* NotificationController.swift in Sources */,
				78AA209C2C50D3970032A7DA /* LandmarkDetail.swift in Sources */,
				783106592C50D8EA00E51A32 /* NotificationView.swift in Sources */,
			);
			runOnlyForDeploymentPostprocessing = 0;
		};
		78AA206F2C50D1720032A7DA /* Sources */ = {
			isa = PBXSourcesBuildPhase;
			buildActionMask = 2147483647;
			files = (
				78AA20782C50D1720032A7DA /* WatchLandmarks_Watch_AppTests.swift in Sources */,
			);
			runOnlyForDeploymentPostprocessing = 0;
		};
		78AA20792C50D1720032A7DA /* Sources */ = {
			isa = PBXSourcesBuildPhase;
			buildActionMask = 2147483647;
			files = (
				78AA20842C50D1720032A7DA /* WatchLandmarks_Watch_AppUITestsLaunchTests.swift in Sources */,
				78AA20822C50D1720032A7DA /* WatchLandmarks_Watch_AppUITests.swift in Sources */,
			);
			runOnlyForDeploymentPostprocessing = 0;
		};
/* End PBXSourcesBuildPhase section */

/* Begin PBXTargetDependency section */
		784546362C513A0900A02039 /* PBXTargetDependency */ = {
			isa = PBXTargetDependency;
			target = 784546232C513A0700A02039 /* MacLandmarks */;
			targetProxy = 784546352C513A0900A02039 /* PBXContainerItemProxy */;
		};
		784546402C513A0900A02039 /* PBXTargetDependency */ = {
			isa = PBXTargetDependency;
			target = 784546232C513A0700A02039 /* MacLandmarks */;
			targetProxy = 7845463F2C513A0900A02039 /* PBXContainerItemProxy */;
		};
		7875E1C32C4A0A2D00CAB26F /* PBXTargetDependency */ = {
			isa = PBXTargetDependency;
			target = 7875E1B02C4A0A2C00CAB26F /* Landmarks */;
			targetProxy = 7875E1C22C4A0A2D00CAB26F /* PBXContainerItemProxy */;
		};
		7875E1CD2C4A0A2D00CAB26F /* PBXTargetDependency */ = {
			isa = PBXTargetDependency;
			target = 7875E1B02C4A0A2C00CAB26F /* Landmarks */;
			targetProxy = 7875E1CC2C4A0A2D00CAB26F /* PBXContainerItemProxy */;
		};
		78AA20752C50D1720032A7DA /* PBXTargetDependency */ = {
			isa = PBXTargetDependency;
			target = 78AA20632C50D1700032A7DA /* WatchLandmarks Watch App */;
			targetProxy = 78AA20742C50D1720032A7DA /* PBXContainerItemProxy */;
		};
		78AA207F2C50D1720032A7DA /* PBXTargetDependency */ = {
			isa = PBXTargetDependency;
			target = 78AA20632C50D1700032A7DA /* WatchLandmarks Watch App */;
			targetProxy = 78AA207E2C50D1720032A7DA /* PBXContainerItemProxy */;
		};
		78AA20862C50D1720032A7DA /* PBXTargetDependency */ = {
			isa = PBXTargetDependency;
			target = 78AA20632C50D1700032A7DA /* WatchLandmarks Watch App */;
			targetProxy = 78AA20852C50D1720032A7DA /* PBXContainerItemProxy */;
		};
/* End PBXTargetDependency section */

/* Begin XCBuildConfiguration section */
		784546462C513A0900A02039 /* Debug */ = {
			isa = XCBuildConfiguration;
			buildSettings = {
				ASSETCATALOG_COMPILER_APPICON_NAME = AppIcon;
				ASSETCATALOG_COMPILER_GLOBAL_ACCENT_COLOR_NAME = AccentColor;
				CODE_SIGN_ENTITLEMENTS = MacLandmarks/MacLandmarks.entitlements;
				CODE_SIGN_STYLE = Automatic;
				COMBINE_HIDPI_IMAGES = YES;
				CURRENT_PROJECT_VERSION = 1;
				DEVELOPMENT_ASSET_PATHS = "\"MacLandmarks/Preview Content\"";
				DEVELOPMENT_TEAM = Z9S8X326R3;
				ENABLE_HARDENED_RUNTIME = YES;
				ENABLE_PREVIEWS = YES;
				GENERATE_INFOPLIST_FILE = YES;
				INFOPLIST_KEY_NSHumanReadableCopyright = "";
				LD_RUNPATH_SEARCH_PATHS = (
					"$(inherited)",
					"@executable_path/../Frameworks",
				);
				MACOSX_DEPLOYMENT_TARGET = 14.5;
				MARKETING_VERSION = 1.0;
				PRODUCT_BUNDLE_IDENTIFIER = com.gongbaodd.MacLandmarks;
				PRODUCT_NAME = "$(TARGET_NAME)";
				SDKROOT = macosx;
				SWIFT_EMIT_LOC_STRINGS = YES;
				SWIFT_VERSION = 5.0;
			};
			name = Debug;
		};
		784546472C513A0900A02039 /* Release */ = {
			isa = XCBuildConfiguration;
			buildSettings = {
				ASSETCATALOG_COMPILER_APPICON_NAME = AppIcon;
				ASSETCATALOG_COMPILER_GLOBAL_ACCENT_COLOR_NAME = AccentColor;
				CODE_SIGN_ENTITLEMENTS = MacLandmarks/MacLandmarks.entitlements;
				CODE_SIGN_STYLE = Automatic;
				COMBINE_HIDPI_IMAGES = YES;
				CURRENT_PROJECT_VERSION = 1;
				DEVELOPMENT_ASSET_PATHS = "\"MacLandmarks/Preview Content\"";
				DEVELOPMENT_TEAM = Z9S8X326R3;
				ENABLE_HARDENED_RUNTIME = YES;
				ENABLE_PREVIEWS = YES;
				GENERATE_INFOPLIST_FILE = YES;
				INFOPLIST_KEY_NSHumanReadableCopyright = "";
				LD_RUNPATH_SEARCH_PATHS = (
					"$(inherited)",
					"@executable_path/../Frameworks",
				);
				MACOSX_DEPLOYMENT_TARGET = 14.5;
				MARKETING_VERSION = 1.0;
				PRODUCT_BUNDLE_IDENTIFIER = com.gongbaodd.MacLandmarks;
				PRODUCT_NAME = "$(TARGET_NAME)";
				SDKROOT = macosx;
				SWIFT_EMIT_LOC_STRINGS = YES;
				SWIFT_VERSION = 5.0;
			};
			name = Release;
		};
		784546482C513A0900A02039 /* Debug */ = {
			isa = XCBuildConfiguration;
			buildSettings = {
				ALWAYS_EMBED_SWIFT_STANDARD_LIBRARIES = YES;
				BUNDLE_LOADER = "$(TEST_HOST)";
				CODE_SIGN_STYLE = Automatic;
				CURRENT_PROJECT_VERSION = 1;
				DEVELOPMENT_TEAM = Z9S8X326R3;
				GENERATE_INFOPLIST_FILE = YES;
				MACOSX_DEPLOYMENT_TARGET = 14.5;
				MARKETING_VERSION = 1.0;
				PRODUCT_BUNDLE_IDENTIFIER = com.gongbaodd.MacLandmarksTests;
				PRODUCT_NAME = "$(TARGET_NAME)";
				SDKROOT = macosx;
				SWIFT_EMIT_LOC_STRINGS = NO;
				SWIFT_VERSION = 5.0;
				TEST_HOST = "$(BUILT_PRODUCTS_DIR)/MacLandmarks.app/$(BUNDLE_EXECUTABLE_FOLDER_PATH)/MacLandmarks";
			};
			name = Debug;
		};
		784546492C513A0900A02039 /* Release */ = {
			isa = XCBuildConfiguration;
			buildSettings = {
				ALWAYS_EMBED_SWIFT_STANDARD_LIBRARIES = YES;
				BUNDLE_LOADER = "$(TEST_HOST)";
				CODE_SIGN_STYLE = Automatic;
				CURRENT_PROJECT_VERSION = 1;
				DEVELOPMENT_TEAM = Z9S8X326R3;
				GENERATE_INFOPLIST_FILE = YES;
				MACOSX_DEPLOYMENT_TARGET = 14.5;
				MARKETING_VERSION = 1.0;
				PRODUCT_BUNDLE_IDENTIFIER = com.gongbaodd.MacLandmarksTests;
				PRODUCT_NAME = "$(TARGET_NAME)";
				SDKROOT = macosx;
				SWIFT_EMIT_LOC_STRINGS = NO;
				SWIFT_VERSION = 5.0;
				TEST_HOST = "$(BUILT_PRODUCTS_DIR)/MacLandmarks.app/$(BUNDLE_EXECUTABLE_FOLDER_PATH)/MacLandmarks";
			};
			name = Release;
		};
		7845464A2C513A0900A02039 /* Debug */ = {
			isa = XCBuildConfiguration;
			buildSettings = {
				ALWAYS_EMBED_SWIFT_STANDARD_LIBRARIES = YES;
				CODE_SIGN_STYLE = Automatic;
				CURRENT_PROJECT_VERSION = 1;
				DEVELOPMENT_TEAM = Z9S8X326R3;
				GENERATE_INFOPLIST_FILE = YES;
				MACOSX_DEPLOYMENT_TARGET = 14.5;
				MARKETING_VERSION = 1.0;
				PRODUCT_BUNDLE_IDENTIFIER = com.gongbaodd.MacLandmarksUITests;
				PRODUCT_NAME = "$(TARGET_NAME)";
				SDKROOT = macosx;
				SWIFT_EMIT_LOC_STRINGS = NO;
				SWIFT_VERSION = 5.0;
				TEST_TARGET_NAME = MacLandmarks;
			};
			name = Debug;
		};
		7845464B2C513A0900A02039 /* Release */ = {
			isa = XCBuildConfiguration;
			buildSettings = {
				ALWAYS_EMBED_SWIFT_STANDARD_LIBRARIES = YES;
				CODE_SIGN_STYLE = Automatic;
				CURRENT_PROJECT_VERSION = 1;
				DEVELOPMENT_TEAM = Z9S8X326R3;
				GENERATE_INFOPLIST_FILE = YES;
				MACOSX_DEPLOYMENT_TARGET = 14.5;
				MARKETING_VERSION = 1.0;
				PRODUCT_BUNDLE_IDENTIFIER = com.gongbaodd.MacLandmarksUITests;
				PRODUCT_NAME = "$(TARGET_NAME)";
				SDKROOT = macosx;
				SWIFT_EMIT_LOC_STRINGS = NO;
				SWIFT_VERSION = 5.0;
				TEST_TARGET_NAME = MacLandmarks;
			};
			name = Release;
		};
		7875E1D32C4A0A2D00CAB26F /* Debug */ = {
			isa = XCBuildConfiguration;
			buildSettings = {
				ALWAYS_SEARCH_USER_PATHS = NO;
				ASSETCATALOG_COMPILER_GENERATE_SWIFT_ASSET_SYMBOL_EXTENSIONS = YES;
				CLANG_ANALYZER_NONNULL = YES;
				CLANG_ANALYZER_NUMBER_OBJECT_CONVERSION = YES_AGGRESSIVE;
				CLANG_CXX_LANGUAGE_STANDARD = "gnu++20";
				CLANG_ENABLE_MODULES = YES;
				CLANG_ENABLE_OBJC_ARC = YES;
				CLANG_ENABLE_OBJC_WEAK = YES;
				CLANG_WARN_BLOCK_CAPTURE_AUTORELEASING = YES;
				CLANG_WARN_BOOL_CONVERSION = YES;
				CLANG_WARN_COMMA = YES;
				CLANG_WARN_CONSTANT_CONVERSION = YES;
				CLANG_WARN_DEPRECATED_OBJC_IMPLEMENTATIONS = YES;
				CLANG_WARN_DIRECT_OBJC_ISA_USAGE = YES_ERROR;
				CLANG_WARN_DOCUMENTATION_COMMENTS = YES;
				CLANG_WARN_EMPTY_BODY = YES;
				CLANG_WARN_ENUM_CONVERSION = YES;
				CLANG_WARN_INFINITE_RECURSION = YES;
				CLANG_WARN_INT_CONVERSION = YES;
				CLANG_WARN_NON_LITERAL_NULL_CONVERSION = YES;
				CLANG_WARN_OBJC_IMPLICIT_RETAIN_SELF = YES;
				CLANG_WARN_OBJC_LITERAL_CONVERSION = YES;
				CLANG_WARN_OBJC_ROOT_CLASS = YES_ERROR;
				CLANG_WARN_QUOTED_INCLUDE_IN_FRAMEWORK_HEADER = YES;
				CLANG_WARN_RANGE_LOOP_ANALYSIS = YES;
				CLANG_WARN_STRICT_PROTOTYPES = YES;
				CLANG_WARN_SUSPICIOUS_MOVE = YES;
				CLANG_WARN_UNGUARDED_AVAILABILITY = YES_AGGRESSIVE;
				CLANG_WARN_UNREACHABLE_CODE = YES;
				CLANG_WARN__DUPLICATE_METHOD_MATCH = YES;
				COPY_PHASE_STRIP = NO;
				DEBUG_INFORMATION_FORMAT = dwarf;
				ENABLE_STRICT_OBJC_MSGSEND = YES;
				ENABLE_TESTABILITY = YES;
				ENABLE_USER_SCRIPT_SANDBOXING = YES;
				GCC_C_LANGUAGE_STANDARD = gnu17;
				GCC_DYNAMIC_NO_PIC = NO;
				GCC_NO_COMMON_BLOCKS = YES;
				GCC_OPTIMIZATION_LEVEL = 0;
				GCC_PREPROCESSOR_DEFINITIONS = (
					"DEBUG=1",
					"$(inherited)",
				);
				GCC_WARN_64_TO_32_BIT_CONVERSION = YES;
				GCC_WARN_ABOUT_RETURN_TYPE = YES_ERROR;
				GCC_WARN_UNDECLARED_SELECTOR = YES;
				GCC_WARN_UNINITIALIZED_AUTOS = YES_AGGRESSIVE;
				GCC_WARN_UNUSED_FUNCTION = YES;
				GCC_WARN_UNUSED_VARIABLE = YES;
				IPHONEOS_DEPLOYMENT_TARGET = 17.5;
				LOCALIZATION_PREFERS_STRING_CATALOGS = YES;
				MTL_ENABLE_DEBUG_INFO = INCLUDE_SOURCE;
				MTL_FAST_MATH = YES;
				ONLY_ACTIVE_ARCH = YES;
				SDKROOT = iphoneos;
				SWIFT_ACTIVE_COMPILATION_CONDITIONS = "DEBUG $(inherited)";
				SWIFT_OPTIMIZATION_LEVEL = "-Onone";
			};
			name = Debug;
		};
		7875E1D42C4A0A2D00CAB26F /* Release */ = {
			isa = XCBuildConfiguration;
			buildSettings = {
				ALWAYS_SEARCH_USER_PATHS = NO;
				ASSETCATALOG_COMPILER_GENERATE_SWIFT_ASSET_SYMBOL_EXTENSIONS = YES;
				CLANG_ANALYZER_NONNULL = YES;
				CLANG_ANALYZER_NUMBER_OBJECT_CONVERSION = YES_AGGRESSIVE;
				CLANG_CXX_LANGUAGE_STANDARD = "gnu++20";
				CLANG_ENABLE_MODULES = YES;
				CLANG_ENABLE_OBJC_ARC = YES;
				CLANG_ENABLE_OBJC_WEAK = YES;
				CLANG_WARN_BLOCK_CAPTURE_AUTORELEASING = YES;
				CLANG_WARN_BOOL_CONVERSION = YES;
				CLANG_WARN_COMMA = YES;
				CLANG_WARN_CONSTANT_CONVERSION = YES;
				CLANG_WARN_DEPRECATED_OBJC_IMPLEMENTATIONS = YES;
				CLANG_WARN_DIRECT_OBJC_ISA_USAGE = YES_ERROR;
				CLANG_WARN_DOCUMENTATION_COMMENTS = YES;
				CLANG_WARN_EMPTY_BODY = YES;
				CLANG_WARN_ENUM_CONVERSION = YES;
				CLANG_WARN_INFINITE_RECURSION = YES;
				CLANG_WARN_INT_CONVERSION = YES;
				CLANG_WARN_NON_LITERAL_NULL_CONVERSION = YES;
				CLANG_WARN_OBJC_IMPLICIT_RETAIN_SELF = YES;
				CLANG_WARN_OBJC_LITERAL_CONVERSION = YES;
				CLANG_WARN_OBJC_ROOT_CLASS = YES_ERROR;
				CLANG_WARN_QUOTED_INCLUDE_IN_FRAMEWORK_HEADER = YES;
				CLANG_WARN_RANGE_LOOP_ANALYSIS = YES;
				CLANG_WARN_STRICT_PROTOTYPES = YES;
				CLANG_WARN_SUSPICIOUS_MOVE = YES;
				CLANG_WARN_UNGUARDED_AVAILABILITY = YES_AGGRESSIVE;
				CLANG_WARN_UNREACHABLE_CODE = YES;
				CLANG_WARN__DUPLICATE_METHOD_MATCH = YES;
				COPY_PHASE_STRIP = NO;
				DEBUG_INFORMATION_FORMAT = "dwarf-with-dsym";
				ENABLE_NS_ASSERTIONS = NO;
				ENABLE_STRICT_OBJC_MSGSEND = YES;
				ENABLE_USER_SCRIPT_SANDBOXING = YES;
				GCC_C_LANGUAGE_STANDARD = gnu17;
				GCC_NO_COMMON_BLOCKS = YES;
				GCC_WARN_64_TO_32_BIT_CONVERSION = YES;
				GCC_WARN_ABOUT_RETURN_TYPE = YES_ERROR;
				GCC_WARN_UNDECLARED_SELECTOR = YES;
				GCC_WARN_UNINITIALIZED_AUTOS = YES_AGGRESSIVE;
				GCC_WARN_UNUSED_FUNCTION = YES;
				GCC_WARN_UNUSED_VARIABLE = YES;
				IPHONEOS_DEPLOYMENT_TARGET = 17.5;
				LOCALIZATION_PREFERS_STRING_CATALOGS = YES;
				MTL_ENABLE_DEBUG_INFO = NO;
				MTL_FAST_MATH = YES;
				SDKROOT = iphoneos;
				SWIFT_COMPILATION_MODE = wholemodule;
				VALIDATE_PRODUCT = YES;
			};
			name = Release;
		};
		7875E1D62C4A0A2D00CAB26F /* Debug */ = {
			isa = XCBuildConfiguration;
			buildSettings = {
				ALWAYS_EMBED_SWIFT_STANDARD_LIBRARIES = YES;
				ASSETCATALOG_COMPILER_APPICON_NAME = AppIcon;
				ASSETCATALOG_COMPILER_GLOBAL_ACCENT_COLOR_NAME = AccentColor;
				CODE_SIGN_STYLE = Automatic;
				CURRENT_PROJECT_VERSION = 1;
				DEVELOPMENT_ASSET_PATHS = "\"Landmarks/Preview Content\"";
				DEVELOPMENT_TEAM = SQM8ZT4NH4;
				ENABLE_PREVIEWS = YES;
				GENERATE_INFOPLIST_FILE = YES;
				INFOPLIST_KEY_UIApplicationSceneManifest_Generation = YES;
				INFOPLIST_KEY_UIApplicationSupportsIndirectInputEvents = YES;
				INFOPLIST_KEY_UILaunchScreen_Generation = YES;
				INFOPLIST_KEY_UISupportedInterfaceOrientations_iPad = "UIInterfaceOrientationPortrait UIInterfaceOrientationPortraitUpsideDown UIInterfaceOrientationLandscapeLeft UIInterfaceOrientationLandscapeRight";
				INFOPLIST_KEY_UISupportedInterfaceOrientations_iPhone = "UIInterfaceOrientationPortrait UIInterfaceOrientationLandscapeLeft UIInterfaceOrientationLandscapeRight";
				LD_RUNPATH_SEARCH_PATHS = (
					"$(inherited)",
					"@executable_path/Frameworks",
				);
				MARKETING_VERSION = 1.0;
				PRODUCT_BUNDLE_IDENTIFIER = com.gongbaodd.Landmarks;
				PRODUCT_NAME = "$(TARGET_NAME)";
				SWIFT_EMIT_LOC_STRINGS = YES;
				SWIFT_VERSION = 5.0;
				TARGETED_DEVICE_FAMILY = "1,2";
			};
			name = Debug;
		};
		7875E1D72C4A0A2D00CAB26F /* Release */ = {
			isa = XCBuildConfiguration;
			buildSettings = {
				ALWAYS_EMBED_SWIFT_STANDARD_LIBRARIES = YES;
				ASSETCATALOG_COMPILER_APPICON_NAME = AppIcon;
				ASSETCATALOG_COMPILER_GLOBAL_ACCENT_COLOR_NAME = AccentColor;
				CODE_SIGN_STYLE = Automatic;
				CURRENT_PROJECT_VERSION = 1;
				DEVELOPMENT_ASSET_PATHS = "\"Landmarks/Preview Content\"";
				DEVELOPMENT_TEAM = SQM8ZT4NH4;
				ENABLE_PREVIEWS = YES;
				GENERATE_INFOPLIST_FILE = YES;
				INFOPLIST_KEY_UIApplicationSceneManifest_Generation = YES;
				INFOPLIST_KEY_UIApplicationSupportsIndirectInputEvents = YES;
				INFOPLIST_KEY_UILaunchScreen_Generation = YES;
				INFOPLIST_KEY_UISupportedInterfaceOrientations_iPad = "UIInterfaceOrientationPortrait UIInterfaceOrientationPortraitUpsideDown UIInterfaceOrientationLandscapeLeft UIInterfaceOrientationLandscapeRight";
				INFOPLIST_KEY_UISupportedInterfaceOrientations_iPhone = "UIInterfaceOrientationPortrait UIInterfaceOrientationLandscapeLeft UIInterfaceOrientationLandscapeRight";
				LD_RUNPATH_SEARCH_PATHS = (
					"$(inherited)",
					"@executable_path/Frameworks",
				);
				MARKETING_VERSION = 1.0;
				PRODUCT_BUNDLE_IDENTIFIER = com.gongbaodd.Landmarks;
				PRODUCT_NAME = "$(TARGET_NAME)";
				SWIFT_EMIT_LOC_STRINGS = YES;
				SWIFT_VERSION = 5.0;
				TARGETED_DEVICE_FAMILY = "1,2";
			};
			name = Release;
		};
		7875E1D92C4A0A2D00CAB26F /* Debug */ = {
			isa = XCBuildConfiguration;
			buildSettings = {
				ALWAYS_EMBED_SWIFT_STANDARD_LIBRARIES = YES;
				BUNDLE_LOADER = "$(TEST_HOST)";
				CODE_SIGN_STYLE = Automatic;
				CURRENT_PROJECT_VERSION = 1;
				DEVELOPMENT_TEAM = Z9S8X326R3;
				GENERATE_INFOPLIST_FILE = YES;
				IPHONEOS_DEPLOYMENT_TARGET = 17.5;
				MARKETING_VERSION = 1.0;
				PRODUCT_BUNDLE_IDENTIFIER = com.gongbaodd.LandmarksTests;
				PRODUCT_NAME = "$(TARGET_NAME)";
				SWIFT_EMIT_LOC_STRINGS = NO;
				SWIFT_VERSION = 5.0;
				TARGETED_DEVICE_FAMILY = "1,2";
				TEST_HOST = "$(BUILT_PRODUCTS_DIR)/Landmarks.app/$(BUNDLE_EXECUTABLE_FOLDER_PATH)/Landmarks";
			};
			name = Debug;
		};
		7875E1DA2C4A0A2D00CAB26F /* Release */ = {
			isa = XCBuildConfiguration;
			buildSettings = {
				ALWAYS_EMBED_SWIFT_STANDARD_LIBRARIES = YES;
				BUNDLE_LOADER = "$(TEST_HOST)";
				CODE_SIGN_STYLE = Automatic;
				CURRENT_PROJECT_VERSION = 1;
				DEVELOPMENT_TEAM = Z9S8X326R3;
				GENERATE_INFOPLIST_FILE = YES;
				IPHONEOS_DEPLOYMENT_TARGET = 17.5;
				MARKETING_VERSION = 1.0;
				PRODUCT_BUNDLE_IDENTIFIER = com.gongbaodd.LandmarksTests;
				PRODUCT_NAME = "$(TARGET_NAME)";
				SWIFT_EMIT_LOC_STRINGS = NO;
				SWIFT_VERSION = 5.0;
				TARGETED_DEVICE_FAMILY = "1,2";
				TEST_HOST = "$(BUILT_PRODUCTS_DIR)/Landmarks.app/$(BUNDLE_EXECUTABLE_FOLDER_PATH)/Landmarks";
			};
			name = Release;
		};
		7875E1DC2C4A0A2D00CAB26F /* Debug */ = {
			isa = XCBuildConfiguration;
			buildSettings = {
				ALWAYS_EMBED_SWIFT_STANDARD_LIBRARIES = YES;
				CODE_SIGN_STYLE = Automatic;
				CURRENT_PROJECT_VERSION = 1;
				DEVELOPMENT_TEAM = Z9S8X326R3;
				GENERATE_INFOPLIST_FILE = YES;
				MARKETING_VERSION = 1.0;
				PRODUCT_BUNDLE_IDENTIFIER = com.gongbaodd.LandmarksUITests;
				PRODUCT_NAME = "$(TARGET_NAME)";
				SWIFT_EMIT_LOC_STRINGS = NO;
				SWIFT_VERSION = 5.0;
				TARGETED_DEVICE_FAMILY = "1,2";
				TEST_TARGET_NAME = Landmarks;
			};
			name = Debug;
		};
		7875E1DD2C4A0A2D00CAB26F /* Release */ = {
			isa = XCBuildConfiguration;
			buildSettings = {
				ALWAYS_EMBED_SWIFT_STANDARD_LIBRARIES = YES;
				CODE_SIGN_STYLE = Automatic;
				CURRENT_PROJECT_VERSION = 1;
				DEVELOPMENT_TEAM = Z9S8X326R3;
				GENERATE_INFOPLIST_FILE = YES;
				MARKETING_VERSION = 1.0;
				PRODUCT_BUNDLE_IDENTIFIER = com.gongbaodd.LandmarksUITests;
				PRODUCT_NAME = "$(TARGET_NAME)";
				SWIFT_EMIT_LOC_STRINGS = NO;
				SWIFT_VERSION = 5.0;
				TARGETED_DEVICE_FAMILY = "1,2";
				TEST_TARGET_NAME = Landmarks;
			};
			name = Release;
		};
		78AA20892C50D1720032A7DA /* Debug */ = {
			isa = XCBuildConfiguration;
			buildSettings = {
				ASSETCATALOG_COMPILER_APPICON_NAME = AppIcon;
				ASSETCATALOG_COMPILER_GLOBAL_ACCENT_COLOR_NAME = AccentColor;
				CODE_SIGN_STYLE = Automatic;
				CURRENT_PROJECT_VERSION = 1;
				DEVELOPMENT_ASSET_PATHS = "\"WatchLandmarks Watch App/Preview Content\"";
				DEVELOPMENT_TEAM = SQM8ZT4NH4;
				ENABLE_PREVIEWS = YES;
				GENERATE_INFOPLIST_FILE = YES;
				INFOPLIST_KEY_CFBundleDisplayName = WatchLandmarks;
				INFOPLIST_KEY_UISupportedInterfaceOrientations = "UIInterfaceOrientationPortrait UIInterfaceOrientationPortraitUpsideDown";
				INFOPLIST_KEY_WKCompanionAppBundleIdentifier = com.gongbaodd.Landmarks;
				INFOPLIST_KEY_WKRunsIndependentlyOfCompanionApp = YES;
				LD_RUNPATH_SEARCH_PATHS = (
					"$(inherited)",
					"@executable_path/Frameworks",
				);
				MARKETING_VERSION = 1.0;
				PRODUCT_BUNDLE_IDENTIFIER = com.gongbaodd.Landmarks.watchkitapp;
				PRODUCT_NAME = "$(TARGET_NAME)";
				SDKROOT = watchos;
				SKIP_INSTALL = YES;
				SWIFT_EMIT_LOC_STRINGS = YES;
				SWIFT_VERSION = 5.0;
				TARGETED_DEVICE_FAMILY = 4;
				WATCHOS_DEPLOYMENT_TARGET = 10.5;
			};
			name = Debug;
		};
		78AA208A2C50D1720032A7DA /* Release */ = {
			isa = XCBuildConfiguration;
			buildSettings = {
				ASSETCATALOG_COMPILER_APPICON_NAME = AppIcon;
				ASSETCATALOG_COMPILER_GLOBAL_ACCENT_COLOR_NAME = AccentColor;
				CODE_SIGN_STYLE = Automatic;
				CURRENT_PROJECT_VERSION = 1;
				DEVELOPMENT_ASSET_PATHS = "\"WatchLandmarks Watch App/Preview Content\"";
				DEVELOPMENT_TEAM = SQM8ZT4NH4;
				ENABLE_PREVIEWS = YES;
				GENERATE_INFOPLIST_FILE = YES;
				INFOPLIST_KEY_CFBundleDisplayName = WatchLandmarks;
				INFOPLIST_KEY_UISupportedInterfaceOrientations = "UIInterfaceOrientationPortrait UIInterfaceOrientationPortraitUpsideDown";
				INFOPLIST_KEY_WKCompanionAppBundleIdentifier = com.gongbaodd.Landmarks;
				INFOPLIST_KEY_WKRunsIndependentlyOfCompanionApp = YES;
				LD_RUNPATH_SEARCH_PATHS = (
					"$(inherited)",
					"@executable_path/Frameworks",
				);
				MARKETING_VERSION = 1.0;
				PRODUCT_BUNDLE_IDENTIFIER = com.gongbaodd.Landmarks.watchkitapp;
				PRODUCT_NAME = "$(TARGET_NAME)";
				SDKROOT = watchos;
				SKIP_INSTALL = YES;
				SWIFT_EMIT_LOC_STRINGS = YES;
				SWIFT_VERSION = 5.0;
				TARGETED_DEVICE_FAMILY = 4;
				WATCHOS_DEPLOYMENT_TARGET = 10.5;
			};
			name = Release;
		};
		78AA208D2C50D1720032A7DA /* Debug */ = {
			isa = XCBuildConfiguration;
			buildSettings = {
				ALWAYS_EMBED_SWIFT_STANDARD_LIBRARIES = YES;
				BUNDLE_LOADER = "$(TEST_HOST)";
				CODE_SIGN_STYLE = Automatic;
				CURRENT_PROJECT_VERSION = 1;
				DEVELOPMENT_TEAM = Z9S8X326R3;
				GENERATE_INFOPLIST_FILE = YES;
				MARKETING_VERSION = 1.0;
				PRODUCT_BUNDLE_IDENTIFIER = "com.gongbaodd.WatchLandmarks-Watch-AppTests";
				PRODUCT_NAME = "$(TARGET_NAME)";
				SDKROOT = watchos;
				SWIFT_EMIT_LOC_STRINGS = NO;
				SWIFT_VERSION = 5.0;
				TARGETED_DEVICE_FAMILY = 4;
				TEST_HOST = "$(BUILT_PRODUCTS_DIR)/WatchLandmarks Watch App.app/$(BUNDLE_EXECUTABLE_FOLDER_PATH)/WatchLandmarks Watch App";
				WATCHOS_DEPLOYMENT_TARGET = 10.5;
			};
			name = Debug;
		};
		78AA208E2C50D1720032A7DA /* Release */ = {
			isa = XCBuildConfiguration;
			buildSettings = {
				ALWAYS_EMBED_SWIFT_STANDARD_LIBRARIES = YES;
				BUNDLE_LOADER = "$(TEST_HOST)";
				CODE_SIGN_STYLE = Automatic;
				CURRENT_PROJECT_VERSION = 1;
				DEVELOPMENT_TEAM = Z9S8X326R3;
				GENERATE_INFOPLIST_FILE = YES;
				MARKETING_VERSION = 1.0;
				PRODUCT_BUNDLE_IDENTIFIER = "com.gongbaodd.WatchLandmarks-Watch-AppTests";
				PRODUCT_NAME = "$(TARGET_NAME)";
				SDKROOT = watchos;
				SWIFT_EMIT_LOC_STRINGS = NO;
				SWIFT_VERSION = 5.0;
				TARGETED_DEVICE_FAMILY = 4;
				TEST_HOST = "$(BUILT_PRODUCTS_DIR)/WatchLandmarks Watch App.app/$(BUNDLE_EXECUTABLE_FOLDER_PATH)/WatchLandmarks Watch App";
				WATCHOS_DEPLOYMENT_TARGET = 10.5;
			};
			name = Release;
		};
		78AA20902C50D1720032A7DA /* Debug */ = {
			isa = XCBuildConfiguration;
			buildSettings = {
				ALWAYS_EMBED_SWIFT_STANDARD_LIBRARIES = YES;
				CODE_SIGN_STYLE = Automatic;
				CURRENT_PROJECT_VERSION = 1;
				DEVELOPMENT_TEAM = Z9S8X326R3;
				GENERATE_INFOPLIST_FILE = YES;
				MARKETING_VERSION = 1.0;
				PRODUCT_BUNDLE_IDENTIFIER = "com.gongbaodd.WatchLandmarks-Watch-AppUITests";
				PRODUCT_NAME = "$(TARGET_NAME)";
				SDKROOT = watchos;
				SWIFT_EMIT_LOC_STRINGS = NO;
				SWIFT_VERSION = 5.0;
				TARGETED_DEVICE_FAMILY = 4;
				TEST_TARGET_NAME = "WatchLandmarks Watch App";
				WATCHOS_DEPLOYMENT_TARGET = 10.5;
			};
			name = Debug;
		};
		78AA20912C50D1720032A7DA /* Release */ = {
			isa = XCBuildConfiguration;
			buildSettings = {
				ALWAYS_EMBED_SWIFT_STANDARD_LIBRARIES = YES;
				CODE_SIGN_STYLE = Automatic;
				CURRENT_PROJECT_VERSION = 1;
				DEVELOPMENT_TEAM = Z9S8X326R3;
				GENERATE_INFOPLIST_FILE = YES;
				MARKETING_VERSION = 1.0;
				PRODUCT_BUNDLE_IDENTIFIER = "com.gongbaodd.WatchLandmarks-Watch-AppUITests";
				PRODUCT_NAME = "$(TARGET_NAME)";
				SDKROOT = watchos;
				SWIFT_EMIT_LOC_STRINGS = NO;
				SWIFT_VERSION = 5.0;
				TARGETED_DEVICE_FAMILY = 4;
				TEST_TARGET_NAME = "WatchLandmarks Watch App";
				WATCHOS_DEPLOYMENT_TARGET = 10.5;
			};
			name = Release;
		};
/* End XCBuildConfiguration section */

/* Begin XCConfigurationList section */
		7845464C2C513A0900A02039 /* Build configuration list for PBXNativeTarget "MacLandmarks" */ = {
			isa = XCConfigurationList;
			buildConfigurations = (
				784546462C513A0900A02039 /* Debug */,
				784546472C513A0900A02039 /* Release */,
			);
			defaultConfigurationIsVisible = 0;
			defaultConfigurationName = Release;
		};
		7845464D2C513A0900A02039 /* Build configuration list for PBXNativeTarget "MacLandmarksTests" */ = {
			isa = XCConfigurationList;
			buildConfigurations = (
				784546482C513A0900A02039 /* Debug */,
				784546492C513A0900A02039 /* Release */,
			);
			defaultConfigurationIsVisible = 0;
			defaultConfigurationName = Release;
		};
		7845464E2C513A0900A02039 /* Build configuration list for PBXNativeTarget "MacLandmarksUITests" */ = {
			isa = XCConfigurationList;
			buildConfigurations = (
				7845464A2C513A0900A02039 /* Debug */,
				7845464B2C513A0900A02039 /* Release */,
			);
			defaultConfigurationIsVisible = 0;
			defaultConfigurationName = Release;
		};
		7875E1AC2C4A0A2C00CAB26F /* Build configuration list for PBXProject "Landmarks" */ = {
			isa = XCConfigurationList;
			buildConfigurations = (
				7875E1D32C4A0A2D00CAB26F /* Debug */,
				7875E1D42C4A0A2D00CAB26F /* Release */,
			);
			defaultConfigurationIsVisible = 0;
			defaultConfigurationName = Release;
		};
		7875E1D52C4A0A2D00CAB26F /* Build configuration list for PBXNativeTarget "Landmarks" */ = {
			isa = XCConfigurationList;
			buildConfigurations = (
				7875E1D62C4A0A2D00CAB26F /* Debug */,
				7875E1D72C4A0A2D00CAB26F /* Release */,
			);
			defaultConfigurationIsVisible = 0;
			defaultConfigurationName = Release;
		};
		7875E1D82C4A0A2D00CAB26F /* Build configuration list for PBXNativeTarget "LandmarksTests" */ = {
			isa = XCConfigurationList;
			buildConfigurations = (
				7875E1D92C4A0A2D00CAB26F /* Debug */,
				7875E1DA2C4A0A2D00CAB26F /* Release */,
			);
			defaultConfigurationIsVisible = 0;
			defaultConfigurationName = Release;
		};
		7875E1DB2C4A0A2D00CAB26F /* Build configuration list for PBXNativeTarget "LandmarksUITests" */ = {
			isa = XCConfigurationList;
			buildConfigurations = (
				7875E1DC2C4A0A2D00CAB26F /* Debug */,
				7875E1DD2C4A0A2D00CAB26F /* Release */,
			);
			defaultConfigurationIsVisible = 0;
			defaultConfigurationName = Release;
		};
		78AA20882C50D1720032A7DA /* Build configuration list for PBXNativeTarget "WatchLandmarks Watch App" */ = {
			isa = XCConfigurationList;
			buildConfigurations = (
				78AA20892C50D1720032A7DA /* Debug */,
				78AA208A2C50D1720032A7DA /* Release */,
			);
			defaultConfigurationIsVisible = 0;
			defaultConfigurationName = Release;
		};
		78AA208C2C50D1720032A7DA /* Build configuration list for PBXNativeTarget "WatchLandmarks Watch AppTests" */ = {
			isa = XCConfigurationList;
			buildConfigurations = (
				78AA208D2C50D1720032A7DA /* Debug */,
				78AA208E2C50D1720032A7DA /* Release */,
			);
			defaultConfigurationIsVisible = 0;
			defaultConfigurationName = Release;
		};
		78AA208F2C50D1720032A7DA /* Build configuration list for PBXNativeTarget "WatchLandmarks Watch AppUITests" */ = {
			isa = XCConfigurationList;
			buildConfigurations = (
				78AA20902C50D1720032A7DA /* Debug */,
				78AA20912C50D1720032A7DA /* Release */,
			);
			defaultConfigurationIsVisible = 0;
			defaultConfigurationName = Release;
		};
/* End XCConfigurationList section */
	};
	rootObject = 7875E1A92C4A0A2C00CAB26F /* Project object */;
}
