// !$*UTF8*$!
{
	archiveVersion = 1;
	classes = {
	};
	objectVersion = 56;
	objects = {

/* Begin PBXBuildFile section */
		7814710D2C4F3D70003945EF /* hikeData.json in Resources */ = {isa = PBXBuildFile; fileRef = 7814710C2C4F3D70003945EF /* hikeData.json */; };
		7814710F2C4F3D94003945EF /* Hike.swift in Sources */ = {isa = PBXBuildFile; fileRef = 7814710E2C4F3D94003945EF /* Hike.swift */; };
		781471152C4F3F85003945EF /* GraphCapsule.swift in Sources */ = {isa = PBXBuildFile; fileRef = 781471102C4F3F85003945EF /* GraphCapsule.swift */; };
		781471162C4F3F85003945EF /* HikeDetail.swift in Sources */ = {isa = PBXBuildFile; fileRef = 781471112C4F3F85003945EF /* HikeDetail.swift */; };
		781471172C4F3F85003945EF /* HikeGraph.swift in Sources */ = {isa = PBXBuildFile; fileRef = 781471122C4F3F85003945EF /* HikeGraph.swift */; };
		781471182C4F3F85003945EF /* HikeView.swift in Sources */ = {isa = PBXBuildFile; fileRef = 781471132C4F3F85003945EF /* HikeView.swift */; };
		782FD4CA2C4B46C900F02FB5 /* HexagonParameters.swift in Sources */ = {isa = PBXBuildFile; fileRef = 782FD4C92C4B46C900F02FB5 /* HexagonParameters.swift */; };
		782FD4CC2C4B494200F02FB5 /* BadgeBackground.swift in Sources */ = {isa = PBXBuildFile; fileRef = 782FD4CB2C4B494200F02FB5 /* BadgeBackground.swift */; };
		782FD4CE2C4B5B5B00F02FB5 /* BadgeSymbol.swift in Sources */ = {isa = PBXBuildFile; fileRef = 782FD4CD2C4B5B5B00F02FB5 /* BadgeSymbol.swift */; };
		782FD4D02C4B5F2800F02FB5 /* RotatedBadgeSymbol.swift in Sources */ = {isa = PBXBuildFile; fileRef = 782FD4CF2C4B5F2800F02FB5 /* RotatedBadgeSymbol.swift */; };
		782FD4D22C4B5FB800F02FB5 /* Badge.swift in Sources */ = {isa = PBXBuildFile; fileRef = 782FD4D12C4B5FB800F02FB5 /* Badge.swift */; };
		78691E5C2C4A9ED700BDF80B /* FavoriteButton.swift in Sources */ = {isa = PBXBuildFile; fileRef = 78691E5B2C4A9ED700BDF80B /* FavoriteButton.swift */; };
		7875E1B52C4A0A2C00CAB26F /* LandmarksApp.swift in Sources */ = {isa = PBXBuildFile; fileRef = 7875E1B42C4A0A2C00CAB26F /* LandmarksApp.swift */; };
		7875E1B72C4A0A2C00CAB26F /* ContentView.swift in Sources */ = {isa = PBXBuildFile; fileRef = 7875E1B62C4A0A2C00CAB26F /* ContentView.swift */; };
		7875E1B92C4A0A2D00CAB26F /* Assets.xcassets in Resources */ = {isa = PBXBuildFile; fileRef = 7875E1B82C4A0A2D00CAB26F /* Assets.xcassets */; };
		7875E1BC2C4A0A2D00CAB26F /* Preview Assets.xcassets in Resources */ = {isa = PBXBuildFile; fileRef = 7875E1BB2C4A0A2D00CAB26F /* Preview Assets.xcassets */; };
		7875E1C62C4A0A2D00CAB26F /* LandmarksTests.swift in Sources */ = {isa = PBXBuildFile; fileRef = 7875E1C52C4A0A2D00CAB26F /* LandmarksTests.swift */; };
		7875E1D02C4A0A2D00CAB26F /* LandmarksUITests.swift in Sources */ = {isa = PBXBuildFile; fileRef = 7875E1CF2C4A0A2D00CAB26F /* LandmarksUITests.swift */; };
		7875E1D22C4A0A2D00CAB26F /* LandmarksUITestsLaunchTests.swift in Sources */ = {isa = PBXBuildFile; fileRef = 7875E1D12C4A0A2D00CAB26F /* LandmarksUITestsLaunchTests.swift */; };
		7875E1DF2C4A0FCD00CAB26F /* CircleImage.swift in Sources */ = {isa = PBXBuildFile; fileRef = 7875E1DE2C4A0FCD00CAB26F /* CircleImage.swift */; };
		7875E1E12C4A110700CAB26F /* MapView.swift in Sources */ = {isa = PBXBuildFile; fileRef = 7875E1E02C4A110700CAB26F /* MapView.swift */; };
		7875E1E32C4A17AB00CAB26F /* landmarkData.json in Resources */ = {isa = PBXBuildFile; fileRef = 7875E1E22C4A17AB00CAB26F /* landmarkData.json */; };
		7875E1E52C4A17CB00CAB26F /* Landmark.swift in Sources */ = {isa = PBXBuildFile; fileRef = 7875E1E42C4A17CA00CAB26F /* Landmark.swift */; };
		7875E1E72C4A2EF300CAB26F /* ModelData.swift in Sources */ = {isa = PBXBuildFile; fileRef = 7875E1E62C4A2EF300CAB26F /* ModelData.swift */; };
		7875E1EC2C4A325200CAB26F /* LandmarkRow.swift in Sources */ = {isa = PBXBuildFile; fileRef = 7875E1EB2C4A325200CAB26F /* LandmarkRow.swift */; };
		7875E1EE2C4A34D300CAB26F /* LandmarkList.swift in Sources */ = {isa = PBXBuildFile; fileRef = 7875E1ED2C4A34D300CAB26F /* LandmarkList.swift */; };
		7875E1F02C4A375D00CAB26F /* LandmarkDetail.swift in Sources */ = {isa = PBXBuildFile; fileRef = 7875E1EF2C4A375D00CAB26F /* LandmarkDetail.swift */; };
/* End PBXBuildFile section */

/* Begin PBXContainerItemProxy section */
		7875E1C22C4A0A2D00CAB26F /* PBXContainerItemProxy */ = {
			isa = PBXContainerItemProxy;
			containerPortal = 7875E1A92C4A0A2C00CAB26F /* Project object */;
			proxyType = 1;
			remoteGlobalIDString = 7875E1B02C4A0A2C00CAB26F;
			remoteInfo = Landmarks;
		};
		7875E1CC2C4A0A2D00CAB26F /* PBXContainerItemProxy */ = {
			isa = PBXContainerItemProxy;
			containerPortal = 7875E1A92C4A0A2C00CAB26F /* Project object */;
			proxyType = 1;
			remoteGlobalIDString = 7875E1B02C4A0A2C00CAB26F;
			remoteInfo = Landmarks;
		};
/* End PBXContainerItemProxy section */

/* Begin PBXFileReference section */
		7814710C2C4F3D70003945EF /* hikeData.json */ = {isa = PBXFileReference; fileEncoding = 4; lastKnownFileType = text.json; path = hikeData.json; sourceTree = "<group>"; };
		7814710E2C4F3D94003945EF /* Hike.swift */ = {isa = PBXFileReference; lastKnownFileType = sourcecode.swift; path = Hike.swift; sourceTree = "<group>"; };
		781471102C4F3F85003945EF /* GraphCapsule.swift */ = {isa = PBXFileReference; fileEncoding = 4; lastKnownFileType = sourcecode.swift; path = GraphCapsule.swift; sourceTree = "<group>"; };
		781471112C4F3F85003945EF /* HikeDetail.swift */ = {isa = PBXFileReference; fileEncoding = 4; lastKnownFileType = sourcecode.swift; path = HikeDetail.swift; sourceTree = "<group>"; };
		781471122C4F3F85003945EF /* HikeGraph.swift */ = {isa = PBXFileReference; fileEncoding = 4; lastKnownFileType = sourcecode.swift; path = HikeGraph.swift; sourceTree = "<group>"; };
		781471132C4F3F85003945EF /* HikeView.swift */ = {isa = PBXFileReference; fileEncoding = 4; lastKnownFileType = sourcecode.swift; path = HikeView.swift; sourceTree = "<group>"; };
		782FD4C92C4B46C900F02FB5 /* HexagonParameters.swift */ = {isa = PBXFileReference; lastKnownFileType = sourcecode.swift; path = HexagonParameters.swift; sourceTree = "<group>"; };
		782FD4CB2C4B494200F02FB5 /* BadgeBackground.swift */ = {isa = PBXFileReference; lastKnownFileType = sourcecode.swift; path = BadgeBackground.swift; sourceTree = "<group>"; };
		782FD4CD2C4B5B5B00F02FB5 /* BadgeSymbol.swift */ = {isa = PBXFileReference; lastKnownFileType = sourcecode.swift; path = BadgeSymbol.swift; sourceTree = "<group>"; };
		782FD4CF2C4B5F2800F02FB5 /* RotatedBadgeSymbol.swift */ = {isa = PBXFileReference; lastKnownFileType = sourcecode.swift; path = RotatedBadgeSymbol.swift; sourceTree = "<group>"; };
		782FD4D12C4B5FB800F02FB5 /* Badge.swift */ = {isa = PBXFileReference; lastKnownFileType = sourcecode.swift; path = Badge.swift; sourceTree = "<group>"; };
		78691E5B2C4A9ED700BDF80B /* FavoriteButton.swift */ = {isa = PBXFileReference; lastKnownFileType = sourcecode.swift; path = FavoriteButton.swift; sourceTree = "<group>"; };
		7875E1B12C4A0A2C00CAB26F /* Landmarks.app */ = {isa = PBXFileReference; explicitFileType = wrapper.application; includeInIndex = 0; path = Landmarks.app; sourceTree = BUILT_PRODUCTS_DIR; };
		7875E1B42C4A0A2C00CAB26F /* LandmarksApp.swift */ = {isa = PBXFileReference; lastKnownFileType = sourcecode.swift; path = LandmarksApp.swift; sourceTree = "<group>"; };
		7875E1B62C4A0A2C00CAB26F /* ContentView.swift */ = {isa = PBXFileReference; lastKnownFileType = sourcecode.swift; path = ContentView.swift; sourceTree = "<group>"; };
		7875E1B82C4A0A2D00CAB26F /* Assets.xcassets */ = {isa = PBXFileReference; lastKnownFileType = folder.assetcatalog; path = Assets.xcassets; sourceTree = "<group>"; };
		7875E1BB2C4A0A2D00CAB26F /* Preview Assets.xcassets */ = {isa = PBXFileReference; lastKnownFileType = folder.assetcatalog; path = "Preview Assets.xcassets"; sourceTree = "<group>"; };
		7875E1C12C4A0A2D00CAB26F /* LandmarksTests.xctest */ = {isa = PBXFileReference; explicitFileType = wrapper.cfbundle; includeInIndex = 0; path = LandmarksTests.xctest; sourceTree = BUILT_PRODUCTS_DIR; };
		7875E1C52C4A0A2D00CAB26F /* LandmarksTests.swift */ = {isa = PBXFileReference; lastKnownFileType = sourcecode.swift; path = LandmarksTests.swift; sourceTree = "<group>"; };
		7875E1CB2C4A0A2D00CAB26F /* LandmarksUITests.xctest */ = {isa = PBXFileReference; explicitFileType = wrapper.cfbundle; includeInIndex = 0; path = LandmarksUITests.xctest; sourceTree = BUILT_PRODUCTS_DIR; };
		7875E1CF2C4A0A2D00CAB26F /* LandmarksUITests.swift */ = {isa = PBXFileReference; lastKnownFileType = sourcecode.swift; path = LandmarksUITests.swift; sourceTree = "<group>"; };
		7875E1D12C4A0A2D00CAB26F /* LandmarksUITestsLaunchTests.swift */ = {isa = PBXFileReference; lastKnownFileType = sourcecode.swift; path = LandmarksUITestsLaunchTests.swift; sourceTree = "<group>"; };
		7875E1DE2C4A0FCD00CAB26F /* CircleImage.swift */ = {isa = PBXFileReference; lastKnownFileType = sourcecode.swift; path = CircleImage.swift; sourceTree = "<group>"; };
		7875E1E02C4A110700CAB26F /* MapView.swift */ = {isa = PBXFileReference; lastKnownFileType = sourcecode.swift; path = MapView.swift; sourceTree = "<group>"; };
		7875E1E22C4A17AB00CAB26F /* landmarkData.json */ = {isa = PBXFileReference; fileEncoding = 4; lastKnownFileType = text.json; path = landmarkData.json; sourceTree = "<group>"; };
		7875E1E42C4A17CA00CAB26F /* Landmark.swift */ = {isa = PBXFileReference; lastKnownFileType = sourcecode.swift; path = Landmark.swift; sourceTree = "<group>"; };
		7875E1E62C4A2EF300CAB26F /* ModelData.swift */ = {isa = PBXFileReference; lastKnownFileType = sourcecode.swift; path = ModelData.swift; sourceTree = "<group>"; };
		7875E1EB2C4A325200CAB26F /* LandmarkRow.swift */ = {isa = PBXFileReference; lastKnownFileType = sourcecode.swift; path = LandmarkRow.swift; sourceTree = "<group>"; };
		7875E1ED2C4A34D300CAB26F /* LandmarkList.swift */ = {isa = PBXFileReference; lastKnownFileType = sourcecode.swift; path = LandmarkList.swift; sourceTree = "<group>"; };
		7875E1EF2C4A375D00CAB26F /* LandmarkDetail.swift */ = {isa = PBXFileReference; lastKnownFileType = sourcecode.swift; path = LandmarkDetail.swift; sourceTree = "<group>"; };
/* End PBXFileReference section */

/* Begin PBXFrameworksBuildPhase section */
		7875E1AE2C4A0A2C00CAB26F /* Frameworks */ = {
			isa = PBXFrameworksBuildPhase;
			buildActionMask = 2147483647;
			files = (
			);
			runOnlyForDeploymentPostprocessing = 0;
		};
		7875E1BE2C4A0A2D00CAB26F /* Frameworks */ = {
			isa = PBXFrameworksBuildPhase;
			buildActionMask = 2147483647;
			files = (
			);
			runOnlyForDeploymentPostprocessing = 0;
		};
		7875E1C82C4A0A2D00CAB26F /* Frameworks */ = {
			isa = PBXFrameworksBuildPhase;
			buildActionMask = 2147483647;
			files = (
			);
			runOnlyForDeploymentPostprocessing = 0;
		};
/* End PBXFrameworksBuildPhase section */

/* Begin PBXGroup section */
		781471142C4F3F85003945EF /* Hikes */ = {
			isa = PBXGroup;
			children = (
				781471102C4F3F85003945EF /* GraphCapsule.swift */,
				781471112C4F3F85003945EF /* HikeDetail.swift */,
				781471122C4F3F85003945EF /* HikeGraph.swift */,
				781471132C4F3F85003945EF /* HikeView.swift */,
			);
			path = Hikes;
			sourceTree = "<group>";
		};
		782FD4D32C4B61D000F02FB5 /* Badges */ = {
			isa = PBXGroup;
			children = (
				782FD4C92C4B46C900F02FB5 /* HexagonParameters.swift */,
				782FD4CB2C4B494200F02FB5 /* BadgeBackground.swift */,
				782FD4CD2C4B5B5B00F02FB5 /* BadgeSymbol.swift */,
				782FD4CF2C4B5F2800F02FB5 /* RotatedBadgeSymbol.swift */,
				782FD4D12C4B5FB800F02FB5 /* Badge.swift */,
			);
			path = Badges;
			sourceTree = "<group>";
		};
		78691E5D2C4A9FF900BDF80B /* Landmarks */ = {
			isa = PBXGroup;
			children = (
				7875E1EB2C4A325200CAB26F /* LandmarkRow.swift */,
				7875E1ED2C4A34D300CAB26F /* LandmarkList.swift */,
				7875E1EF2C4A375D00CAB26F /* LandmarkDetail.swift */,
			);
			path = Landmarks;
			sourceTree = "<group>";
		};
		78691E5E2C4AA01500BDF80B /* Helper */ = {
			isa = PBXGroup;
			children = (
				7875E1E02C4A110700CAB26F /* MapView.swift */,
				7875E1DE2C4A0FCD00CAB26F /* CircleImage.swift */,
				78691E5B2C4A9ED700BDF80B /* FavoriteButton.swift */,
			);
			path = Helper;
			sourceTree = "<group>";
		};
		7875E1A82C4A0A2C00CAB26F = {
			isa = PBXGroup;
			children = (
				7875E1B32C4A0A2C00CAB26F /* Landmarks */,
				7875E1C42C4A0A2D00CAB26F /* LandmarksTests */,
				7875E1CE2C4A0A2D00CAB26F /* LandmarksUITests */,
				7875E1B22C4A0A2C00CAB26F /* Products */,
			);
			sourceTree = "<group>";
		};
		7875E1B22C4A0A2C00CAB26F /* Products */ = {
			isa = PBXGroup;
			children = (
				7875E1B12C4A0A2C00CAB26F /* Landmarks.app */,
				7875E1C12C4A0A2D00CAB26F /* LandmarksTests.xctest */,
				7875E1CB2C4A0A2D00CAB26F /* LandmarksUITests.xctest */,
			);
			name = Products;
			sourceTree = "<group>";
		};
		7875E1B32C4A0A2C00CAB26F /* Landmarks */ = {
			isa = PBXGroup;
			children = (
				7875E1EA2C4A317400CAB26F /* Resources */,
				7875E1E92C4A315200CAB26F /* Model */,
				7875E1E82C4A312800CAB26F /* Views */,
				7875E1B42C4A0A2C00CAB26F /* LandmarksApp.swift */,
				7875E1B82C4A0A2D00CAB26F /* Assets.xcassets */,
				7875E1BA2C4A0A2D00CAB26F /* Preview Content */,
			);
			path = Landmarks;
			sourceTree = "<group>";
		};
		7875E1BA2C4A0A2D00CAB26F /* Preview Content */ = {
			isa = PBXGroup;
			children = (
				7875E1BB2C4A0A2D00CAB26F /* Preview Assets.xcassets */,
			);
			path = "Preview Content";
			sourceTree = "<group>";
		};
		7875E1C42C4A0A2D00CAB26F /* LandmarksTests */ = {
			isa = PBXGroup;
			children = (
				7875E1C52C4A0A2D00CAB26F /* LandmarksTests.swift */,
			);
			path = LandmarksTests;
			sourceTree = "<group>";
		};
		7875E1CE2C4A0A2D00CAB26F /* LandmarksUITests */ = {
			isa = PBXGroup;
			children = (
				7875E1CF2C4A0A2D00CAB26F /* LandmarksUITests.swift */,
				7875E1D12C4A0A2D00CAB26F /* LandmarksUITestsLaunchTests.swift */,
			);
			path = LandmarksUITests;
			sourceTree = "<group>";
		};
		7875E1E82C4A312800CAB26F /* Views */ = {
			isa = PBXGroup;
			children = (
				781471142C4F3F85003945EF /* Hikes */,
				7875E1B62C4A0A2C00CAB26F /* ContentView.swift */,
				782FD4D32C4B61D000F02FB5 /* Badges */,
				78691E5D2C4A9FF900BDF80B /* Landmarks */,
				78691E5E2C4AA01500BDF80B /* Helper */,
			);
			path = Views;
			sourceTree = "<group>";
		};
		7875E1E92C4A315200CAB26F /* Model */ = {
			isa = PBXGroup;
			children = (
				7814710E2C4F3D94003945EF /* Hike.swift */,
				7875E1E62C4A2EF300CAB26F /* ModelData.swift */,
				7875E1E42C4A17CA00CAB26F /* Landmark.swift */,
			);
			path = Model;
			sourceTree = "<group>";
		};
		7875E1EA2C4A317400CAB26F /* Resources */ = {
			isa = PBXGroup;
			children = (
				7814710C2C4F3D70003945EF /* hikeData.json */,
				7875E1E22C4A17AB00CAB26F /* landmarkData.json */,
			);
			path = Resources;
			sourceTree = "<group>";
		};
/* End PBXGroup section */

/* Begin PBXNativeTarget section */
		7875E1B02C4A0A2C00CAB26F /* Landmarks */ = {
			isa = PBXNativeTarget;
			buildConfigurationList = 7875E1D52C4A0A2D00CAB26F /* Build configuration list for PBXNativeTarget "Landmarks" */;
			buildPhases = (
				7875E1AD2C4A0A2C00CAB26F /* Sources */,
				7875E1AE2C4A0A2C00CAB26F /* Frameworks */,
				7875E1AF2C4A0A2C00CAB26F /* Resources */,
			);
			buildRules = (
			);
			dependencies = (
			);
			name = Landmarks;
			productName = Landmarks;
			productReference = 7875E1B12C4A0A2C00CAB26F /* Landmarks.app */;
			productType = "com.apple.product-type.application";
		};
		7875E1C02C4A0A2D00CAB26F /* LandmarksTests */ = {
			isa = PBXNativeTarget;
			buildConfigurationList = 7875E1D82C4A0A2D00CAB26F /* Build configuration list for PBXNativeTarget "LandmarksTests" */;
			buildPhases = (
				7875E1BD2C4A0A2D00CAB26F /* Sources */,
				7875E1BE2C4A0A2D00CAB26F /* Frameworks */,
				7875E1BF2C4A0A2D00CAB26F /* Resources */,
			);
			buildRules = (
			);
			dependencies = (
				7875E1C32C4A0A2D00CAB26F /* PBXTargetDependency */,
			);
			name = LandmarksTests;
			productName = LandmarksTests;
			productReference = 7875E1C12C4A0A2D00CAB26F /* LandmarksTests.xctest */;
			productType = "com.apple.product-type.bundle.unit-test";
		};
		7875E1CA2C4A0A2D00CAB26F /* LandmarksUITests */ = {
			isa = PBXNativeTarget;
			buildConfigurationList = 7875E1DB2C4A0A2D00CAB26F /* Build configuration list for PBXNativeTarget "LandmarksUITests" */;
			buildPhases = (
				7875E1C72C4A0A2D00CAB26F /* Sources */,
				7875E1C82C4A0A2D00CAB26F /* Frameworks */,
				7875E1C92C4A0A2D00CAB26F /* Resources */,
			);
			buildRules = (
			);
			dependencies = (
				7875E1CD2C4A0A2D00CAB26F /* PBXTargetDependency */,
			);
			name = LandmarksUITests;
			productName = LandmarksUITests;
			productReference = 7875E1CB2C4A0A2D00CAB26F /* LandmarksUITests.xctest */;
			productType = "com.apple.product-type.bundle.ui-testing";
		};
/* End PBXNativeTarget section */

/* Begin PBXProject section */
		7875E1A92C4A0A2C00CAB26F /* Project object */ = {
			isa = PBXProject;
			attributes = {
				BuildIndependentTargetsInParallel = 1;
				LastSwiftUpdateCheck = 1540;
				LastUpgradeCheck = 1540;
				TargetAttributes = {
					7875E1B02C4A0A2C00CAB26F = {
						CreatedOnToolsVersion = 15.4;
					};
					7875E1C02C4A0A2D00CAB26F = {
						CreatedOnToolsVersion = 15.4;
						TestTargetID = 7875E1B02C4A0A2C00CAB26F;
					};
					7875E1CA2C4A0A2D00CAB26F = {
						CreatedOnToolsVersion = 15.4;
						TestTargetID = 7875E1B02C4A0A2C00CAB26F;
					};
				};
			};
			buildConfigurationList = 7875E1AC2C4A0A2C00CAB26F /* Build configuration list for PBXProject "Landmarks" */;
			compatibilityVersion = "Xcode 14.0";
			developmentRegion = en;
			hasScannedForEncodings = 0;
			knownRegions = (
				en,
				Base,
			);
			mainGroup = 7875E1A82C4A0A2C00CAB26F;
			productRefGroup = 7875E1B22C4A0A2C00CAB26F /* Products */;
			projectDirPath = "";
			projectRoot = "";
			targets = (
				7875E1B02C4A0A2C00CAB26F /* Landmarks */,
				7875E1C02C4A0A2D00CAB26F /* LandmarksTests */,
				7875E1CA2C4A0A2D00CAB26F /* LandmarksUITests */,
			);
		};
/* End PBXProject section */

/* Begin PBXResourcesBuildPhase section */
		7875E1AF2C4A0A2C00CAB26F /* Resources */ = {
			isa = PBXResourcesBuildPhase;
			buildActionMask = 2147483647;
			files = (
				7814710D2C4F3D70003945EF /* hikeData.json in Resources */,
				7875E1BC2C4A0A2D00CAB26F /* Preview Assets.xcassets in Resources */,
				7875E1B92C4A0A2D00CAB26F /* Assets.xcassets in Resources */,
				7875E1E32C4A17AB00CAB26F /* landmarkData.json in Resources */,
			);
			runOnlyForDeploymentPostprocessing = 0;
		};
		7875E1BF2C4A0A2D00CAB26F /* Resources */ = {
			isa = PBXResourcesBuildPhase;
			buildActionMask = 2147483647;
			files = (
			);
			runOnlyForDeploymentPostprocessing = 0;
		};
		7875E1C92C4A0A2D00CAB26F /* Resources */ = {
			isa = PBXResourcesBuildPhase;
			buildActionMask = 2147483647;
			files = (
			);
			runOnlyForDeploymentPostprocessing = 0;
		};
/* End PBXResourcesBuildPhase section */

/* Begin PBXSourcesBuildPhase section */
		7875E1AD2C4A0A2C00CAB26F /* Sources */ = {
			isa = PBXSourcesBuildPhase;
			buildActionMask = 2147483647;
			files = (
				7875E1B72C4A0A2C00CAB26F /* ContentView.swift in Sources */,
				782FD4D22C4B5FB800F02FB5 /* Badge.swift in Sources */,
				7875E1E12C4A110700CAB26F /* MapView.swift in Sources */,
				781471152C4F3F85003945EF /* GraphCapsule.swift in Sources */,
				781471172C4F3F85003945EF /* HikeGraph.swift in Sources */,
				7875E1B52C4A0A2C00CAB26F /* LandmarksApp.swift in Sources */,
				78691E5C2C4A9ED700BDF80B /* FavoriteButton.swift in Sources */,
				782FD4CA2C4B46C900F02FB5 /* HexagonParameters.swift in Sources */,
				7814710F2C4F3D94003945EF /* Hike.swift in Sources */,
				782FD4D02C4B5F2800F02FB5 /* RotatedBadgeSymbol.swift in Sources */,
				782FD4CE2C4B5B5B00F02FB5 /* BadgeSymbol.swift in Sources */,
				7875E1EE2C4A34D300CAB26F /* LandmarkList.swift in Sources */,
				781471162C4F3F85003945EF /* HikeDetail.swift in Sources */,
				781471182C4F3F85003945EF /* HikeView.swift in Sources */,
				7875E1F02C4A375D00CAB26F /* LandmarkDetail.swift in Sources */,
				782FD4CC2C4B494200F02FB5 /* BadgeBackground.swift in Sources */,
				7875E1DF2C4A0FCD00CAB26F /* CircleImage.swift in Sources */,
				7875E1E52C4A17CB00CAB26F /* Landmark.swift in Sources */,
				7875E1EC2C4A325200CAB26F /* LandmarkRow.swift in Sources */,
				7875E1E72C4A2EF300CAB26F /* ModelData.swift in Sources */,
			);
			runOnlyForDeploymentPostprocessing = 0;
		};
		7875E1BD2C4A0A2D00CAB26F /* Sources */ = {
			isa = PBXSourcesBuildPhase;
			buildActionMask = 2147483647;
			files = (
				7875E1C62C4A0A2D00CAB26F /* LandmarksTests.swift in Sources */,
			);
			runOnlyForDeploymentPostprocessing = 0;
		};
		7875E1C72C4A0A2D00CAB26F /* Sources */ = {
			isa = PBXSourcesBuildPhase;
			buildActionMask = 2147483647;
			files = (
				7875E1D22C4A0A2D00CAB26F /* LandmarksUITestsLaunchTests.swift in Sources */,
				7875E1D02C4A0A2D00CAB26F /* LandmarksUITests.swift in Sources */,
			);
			runOnlyForDeploymentPostprocessing = 0;
		};
/* End PBXSourcesBuildPhase section */

/* Begin PBXTargetDependency section */
		7875E1C32C4A0A2D00CAB26F /* PBXTargetDependency */ = {
			isa = PBXTargetDependency;
			target = 7875E1B02C4A0A2C00CAB26F /* Landmarks */;
			targetProxy = 7875E1C22C4A0A2D00CAB26F /* PBXContainerItemProxy */;
		};
		7875E1CD2C4A0A2D00CAB26F /* PBXTargetDependency */ = {
			isa = PBXTargetDependency;
			target = 7875E1B02C4A0A2C00CAB26F /* Landmarks */;
			targetProxy = 7875E1CC2C4A0A2D00CAB26F /* PBXContainerItemProxy */;
		};
/* End PBXTargetDependency section */

/* Begin XCBuildConfiguration section */
		7875E1D32C4A0A2D00CAB26F /* Debug */ = {
			isa = XCBuildConfiguration;
			buildSettings = {
				ALWAYS_SEARCH_USER_PATHS = NO;
				ASSETCATALOG_COMPILER_GENERATE_SWIFT_ASSET_SYMBOL_EXTENSIONS = YES;
				CLANG_ANALYZER_NONNULL = YES;
				CLANG_ANALYZER_NUMBER_OBJECT_CONVERSION = YES_AGGRESSIVE;
				CLANG_CXX_LANGUAGE_STANDARD = "gnu++20";
				CLANG_ENABLE_MODULES = YES;
				CLANG_ENABLE_OBJC_ARC = YES;
				CLANG_ENABLE_OBJC_WEAK = YES;
				CLANG_WARN_BLOCK_CAPTURE_AUTORELEASING = YES;
				CLANG_WARN_BOOL_CONVERSION = YES;
				CLANG_WARN_COMMA = YES;
				CLANG_WARN_CONSTANT_CONVERSION = YES;
				CLANG_WARN_DEPRECATED_OBJC_IMPLEMENTATIONS = YES;
				CLANG_WARN_DIRECT_OBJC_ISA_USAGE = YES_ERROR;
				CLANG_WARN_DOCUMENTATION_COMMENTS = YES;
				CLANG_WARN_EMPTY_BODY = YES;
				CLANG_WARN_ENUM_CONVERSION = YES;
				CLANG_WARN_INFINITE_RECURSION = YES;
				CLANG_WARN_INT_CONVERSION = YES;
				CLANG_WARN_NON_LITERAL_NULL_CONVERSION = YES;
				CLANG_WARN_OBJC_IMPLICIT_RETAIN_SELF = YES;
				CLANG_WARN_OBJC_LITERAL_CONVERSION = YES;
				CLANG_WARN_OBJC_ROOT_CLASS = YES_ERROR;
				CLANG_WARN_QUOTED_INCLUDE_IN_FRAMEWORK_HEADER = YES;
				CLANG_WARN_RANGE_LOOP_ANALYSIS = YES;
				CLANG_WARN_STRICT_PROTOTYPES = YES;
				CLANG_WARN_SUSPICIOUS_MOVE = YES;
				CLANG_WARN_UNGUARDED_AVAILABILITY = YES_AGGRESSIVE;
				CLANG_WARN_UNREACHABLE_CODE = YES;
				CLANG_WARN__DUPLICATE_METHOD_MATCH = YES;
				COPY_PHASE_STRIP = NO;
				DEBUG_INFORMATION_FORMAT = dwarf;
				ENABLE_STRICT_OBJC_MSGSEND = YES;
				ENABLE_TESTABILITY = YES;
				ENABLE_USER_SCRIPT_SANDBOXING = YES;
				GCC_C_LANGUAGE_STANDARD = gnu17;
				GCC_DYNAMIC_NO_PIC = NO;
				GCC_NO_COMMON_BLOCKS = YES;
				GCC_OPTIMIZATION_LEVEL = 0;
				GCC_PREPROCESSOR_DEFINITIONS = (
					"DEBUG=1",
					"$(inherited)",
				);
				GCC_WARN_64_TO_32_BIT_CONVERSION = YES;
				GCC_WARN_ABOUT_RETURN_TYPE = YES_ERROR;
				GCC_WARN_UNDECLARED_SELECTOR = YES;
				GCC_WARN_UNINITIALIZED_AUTOS = YES_AGGRESSIVE;
				GCC_WARN_UNUSED_FUNCTION = YES;
				GCC_WARN_UNUSED_VARIABLE = YES;
				IPHONEOS_DEPLOYMENT_TARGET = 17.5;
				LOCALIZATION_PREFERS_STRING_CATALOGS = YES;
				MTL_ENABLE_DEBUG_INFO = INCLUDE_SOURCE;
				MTL_FAST_MATH = YES;
				ONLY_ACTIVE_ARCH = YES;
				SDKROOT = iphoneos;
				SWIFT_ACTIVE_COMPILATION_CONDITIONS = "DEBUG $(inherited)";
				SWIFT_OPTIMIZATION_LEVEL = "-Onone";
			};
			name = Debug;
		};
		7875E1D42C4A0A2D00CAB26F /* Release */ = {
			isa = XCBuildConfiguration;
			buildSettings = {
				ALWAYS_SEARCH_USER_PATHS = NO;
				ASSETCATALOG_COMPILER_GENERATE_SWIFT_ASSET_SYMBOL_EXTENSIONS = YES;
				CLANG_ANALYZER_NONNULL = YES;
				CLANG_ANALYZER_NUMBER_OBJECT_CONVERSION = YES_AGGRESSIVE;
				CLANG_CXX_LANGUAGE_STANDARD = "gnu++20";
				CLANG_ENABLE_MODULES = YES;
				CLANG_ENABLE_OBJC_ARC = YES;
				CLANG_ENABLE_OBJC_WEAK = YES;
				CLANG_WARN_BLOCK_CAPTURE_AUTORELEASING = YES;
				CLANG_WARN_BOOL_CONVERSION = YES;
				CLANG_WARN_COMMA = YES;
				CLANG_WARN_CONSTANT_CONVERSION = YES;
				CLANG_WARN_DEPRECATED_OBJC_IMPLEMENTATIONS = YES;
				CLANG_WARN_DIRECT_OBJC_ISA_USAGE = YES_ERROR;
				CLANG_WARN_DOCUMENTATION_COMMENTS = YES;
				CLANG_WARN_EMPTY_BODY = YES;
				CLANG_WARN_ENUM_CONVERSION = YES;
				CLANG_WARN_INFINITE_RECURSION = YES;
				CLANG_WARN_INT_CONVERSION = YES;
				CLANG_WARN_NON_LITERAL_NULL_CONVERSION = YES;
				CLANG_WARN_OBJC_IMPLICIT_RETAIN_SELF = YES;
				CLANG_WARN_OBJC_LITERAL_CONVERSION = YES;
				CLANG_WARN_OBJC_ROOT_CLASS = YES_ERROR;
				CLANG_WARN_QUOTED_INCLUDE_IN_FRAMEWORK_HEADER = YES;
				CLANG_WARN_RANGE_LOOP_ANALYSIS = YES;
				CLANG_WARN_STRICT_PROTOTYPES = YES;
				CLANG_WARN_SUSPICIOUS_MOVE = YES;
				CLANG_WARN_UNGUARDED_AVAILABILITY = YES_AGGRESSIVE;
				CLANG_WARN_UNREACHABLE_CODE = YES;
				CLANG_WARN__DUPLICATE_METHOD_MATCH = YES;
				COPY_PHASE_STRIP = NO;
				DEBUG_INFORMATION_FORMAT = "dwarf-with-dsym";
				ENABLE_NS_ASSERTIONS = NO;
				ENABLE_STRICT_OBJC_MSGSEND = YES;
				ENABLE_USER_SCRIPT_SANDBOXING = YES;
				GCC_C_LANGUAGE_STANDARD = gnu17;
				GCC_NO_COMMON_BLOCKS = YES;
				GCC_WARN_64_TO_32_BIT_CONVERSION = YES;
				GCC_WARN_ABOUT_RETURN_TYPE = YES_ERROR;
				GCC_WARN_UNDECLARED_SELECTOR = YES;
				GCC_WARN_UNINITIALIZED_AUTOS = YES_AGGRESSIVE;
				GCC_WARN_UNUSED_FUNCTION = YES;
				GCC_WARN_UNUSED_VARIABLE = YES;
				IPHONEOS_DEPLOYMENT_TARGET = 17.5;
				LOCALIZATION_PREFERS_STRING_CATALOGS = YES;
				MTL_ENABLE_DEBUG_INFO = NO;
				MTL_FAST_MATH = YES;
				SDKROOT = iphoneos;
				SWIFT_COMPILATION_MODE = wholemodule;
				VALIDATE_PRODUCT = YES;
			};
			name = Release;
		};
		7875E1D62C4A0A2D00CAB26F /* Debug */ = {
			isa = XCBuildConfiguration;
			buildSettings = {
				ASSETCATALOG_COMPILER_APPICON_NAME = AppIcon;
				ASSETCATALOG_COMPILER_GLOBAL_ACCENT_COLOR_NAME = AccentColor;
				CODE_SIGN_STYLE = Automatic;
				CURRENT_PROJECT_VERSION = 1;
				DEVELOPMENT_ASSET_PATHS = "\"Landmarks/Preview Content\"";
				DEVELOPMENT_TEAM = SQM8ZT4NH4;
				ENABLE_PREVIEWS = YES;
				GENERATE_INFOPLIST_FILE = YES;
				INFOPLIST_KEY_UIApplicationSceneManifest_Generation = YES;
				INFOPLIST_KEY_UIApplicationSupportsIndirectInputEvents = YES;
				INFOPLIST_KEY_UILaunchScreen_Generation = YES;
				INFOPLIST_KEY_UISupportedInterfaceOrientations_iPad = "UIInterfaceOrientationPortrait UIInterfaceOrientationPortraitUpsideDown UIInterfaceOrientationLandscapeLeft UIInterfaceOrientationLandscapeRight";
				INFOPLIST_KEY_UISupportedInterfaceOrientations_iPhone = "UIInterfaceOrientationPortrait UIInterfaceOrientationLandscapeLeft UIInterfaceOrientationLandscapeRight";
				LD_RUNPATH_SEARCH_PATHS = (
					"$(inherited)",
					"@executable_path/Frameworks",
				);
				MARKETING_VERSION = 1.0;
				PRODUCT_BUNDLE_IDENTIFIER = com.gongbaodd.Landmarks;
				PRODUCT_NAME = "$(TARGET_NAME)";
				SWIFT_EMIT_LOC_STRINGS = YES;
				SWIFT_VERSION = 5.0;
				TARGETED_DEVICE_FAMILY = "1,2";
			};
			name = Debug;
		};
		7875E1D72C4A0A2D00CAB26F /* Release */ = {
			isa = XCBuildConfiguration;
			buildSettings = {
				ASSETCATALOG_COMPILER_APPICON_NAME = AppIcon;
				ASSETCATALOG_COMPILER_GLOBAL_ACCENT_COLOR_NAME = AccentColor;
				CODE_SIGN_STYLE = Automatic;
				CURRENT_PROJECT_VERSION = 1;
				DEVELOPMENT_ASSET_PATHS = "\"Landmarks/Preview Content\"";
				DEVELOPMENT_TEAM = SQM8ZT4NH4;
				ENABLE_PREVIEWS = YES;
				GENERATE_INFOPLIST_FILE = YES;
				INFOPLIST_KEY_UIApplicationSceneManifest_Generation = YES;
				INFOPLIST_KEY_UIApplicationSupportsIndirectInputEvents = YES;
				INFOPLIST_KEY_UILaunchScreen_Generation = YES;
				INFOPLIST_KEY_UISupportedInterfaceOrientations_iPad = "UIInterfaceOrientationPortrait UIInterfaceOrientationPortraitUpsideDown UIInterfaceOrientationLandscapeLeft UIInterfaceOrientationLandscapeRight";
				INFOPLIST_KEY_UISupportedInterfaceOrientations_iPhone = "UIInterfaceOrientationPortrait UIInterfaceOrientationLandscapeLeft UIInterfaceOrientationLandscapeRight";
				LD_RUNPATH_SEARCH_PATHS = (
					"$(inherited)",
					"@executable_path/Frameworks",
				);
				MARKETING_VERSION = 1.0;
				PRODUCT_BUNDLE_IDENTIFIER = com.gongbaodd.Landmarks;
				PRODUCT_NAME = "$(TARGET_NAME)";
				SWIFT_EMIT_LOC_STRINGS = YES;
				SWIFT_VERSION = 5.0;
				TARGETED_DEVICE_FAMILY = "1,2";
			};
			name = Release;
		};
		7875E1D92C4A0A2D00CAB26F /* Debug */ = {
			isa = XCBuildConfiguration;
			buildSettings = {
				ALWAYS_EMBED_SWIFT_STANDARD_LIBRARIES = YES;
				BUNDLE_LOADER = "$(TEST_HOST)";
				CODE_SIGN_STYLE = Automatic;
				CURRENT_PROJECT_VERSION = 1;
				DEVELOPMENT_TEAM = Z9S8X326R3;
				GENERATE_INFOPLIST_FILE = YES;
				IPHONEOS_DEPLOYMENT_TARGET = 17.5;
				MARKETING_VERSION = 1.0;
				PRODUCT_BUNDLE_IDENTIFIER = com.gongbaodd.LandmarksTests;
				PRODUCT_NAME = "$(TARGET_NAME)";
				SWIFT_EMIT_LOC_STRINGS = NO;
				SWIFT_VERSION = 5.0;
				TARGETED_DEVICE_FAMILY = "1,2";
				TEST_HOST = "$(BUILT_PRODUCTS_DIR)/Landmarks.app/$(BUNDLE_EXECUTABLE_FOLDER_PATH)/Landmarks";
			};
			name = Debug;
		};
		7875E1DA2C4A0A2D00CAB26F /* Release */ = {
			isa = XCBuildConfiguration;
			buildSettings = {
				ALWAYS_EMBED_SWIFT_STANDARD_LIBRARIES = YES;
				BUNDLE_LOADER = "$(TEST_HOST)";
				CODE_SIGN_STYLE = Automatic;
				CURRENT_PROJECT_VERSION = 1;
				DEVELOPMENT_TEAM = Z9S8X326R3;
				GENERATE_INFOPLIST_FILE = YES;
				IPHONEOS_DEPLOYMENT_TARGET = 17.5;
				MARKETING_VERSION = 1.0;
				PRODUCT_BUNDLE_IDENTIFIER = com.gongbaodd.LandmarksTests;
				PRODUCT_NAME = "$(TARGET_NAME)";
				SWIFT_EMIT_LOC_STRINGS = NO;
				SWIFT_VERSION = 5.0;
				TARGETED_DEVICE_FAMILY = "1,2";
				TEST_HOST = "$(BUILT_PRODUCTS_DIR)/Landmarks.app/$(BUNDLE_EXECUTABLE_FOLDER_PATH)/Landmarks";
			};
			name = Release;
		};
		7875E1DC2C4A0A2D00CAB26F /* Debug */ = {
			isa = XCBuildConfiguration;
			buildSettings = {
				ALWAYS_EMBED_SWIFT_STANDARD_LIBRARIES = YES;
				CODE_SIGN_STYLE = Automatic;
				CURRENT_PROJECT_VERSION = 1;
				DEVELOPMENT_TEAM = Z9S8X326R3;
				GENERATE_INFOPLIST_FILE = YES;
				MARKETING_VERSION = 1.0;
				PRODUCT_BUNDLE_IDENTIFIER = com.gongbaodd.LandmarksUITests;
				PRODUCT_NAME = "$(TARGET_NAME)";
				SWIFT_EMIT_LOC_STRINGS = NO;
				SWIFT_VERSION = 5.0;
				TARGETED_DEVICE_FAMILY = "1,2";
				TEST_TARGET_NAME = Landmarks;
			};
			name = Debug;
		};
		7875E1DD2C4A0A2D00CAB26F /* Release */ = {
			isa = XCBuildConfiguration;
			buildSettings = {
				ALWAYS_EMBED_SWIFT_STANDARD_LIBRARIES = YES;
				CODE_SIGN_STYLE = Automatic;
				CURRENT_PROJECT_VERSION = 1;
				DEVELOPMENT_TEAM = Z9S8X326R3;
				GENERATE_INFOPLIST_FILE = YES;
				MARKETING_VERSION = 1.0;
				PRODUCT_BUNDLE_IDENTIFIER = com.gongbaodd.LandmarksUITests;
				PRODUCT_NAME = "$(TARGET_NAME)";
				SWIFT_EMIT_LOC_STRINGS = NO;
				SWIFT_VERSION = 5.0;
				TARGETED_DEVICE_FAMILY = "1,2";
				TEST_TARGET_NAME = Landmarks;
			};
			name = Release;
		};
/* End XCBuildConfiguration section */

/* Begin XCConfigurationList section */
		7875E1AC2C4A0A2C00CAB26F /* Build configuration list for PBXProject "Landmarks" */ = {
			isa = XCConfigurationList;
			buildConfigurations = (
				7875E1D32C4A0A2D00CAB26F /* Debug */,
				7875E1D42C4A0A2D00CAB26F /* Release */,
			);
			defaultConfigurationIsVisible = 0;
			defaultConfigurationName = Release;
		};
		7875E1D52C4A0A2D00CAB26F /* Build configuration list for PBXNativeTarget "Landmarks" */ = {
			isa = XCConfigurationList;
			buildConfigurations = (
				7875E1D62C4A0A2D00CAB26F /* Debug */,
				7875E1D72C4A0A2D00CAB26F /* Release */,
			);
			defaultConfigurationIsVisible = 0;
			defaultConfigurationName = Release;
		};
		7875E1D82C4A0A2D00CAB26F /* Build configuration list for PBXNativeTarget "LandmarksTests" */ = {
			isa = XCConfigurationList;
			buildConfigurations = (
				7875E1D92C4A0A2D00CAB26F /* Debug */,
				7875E1DA2C4A0A2D00CAB26F /* Release */,
			);
			defaultConfigurationIsVisible = 0;
			defaultConfigurationName = Release;
		};
		7875E1DB2C4A0A2D00CAB26F /* Build configuration list for PBXNativeTarget "LandmarksUITests" */ = {
			isa = XCConfigurationList;
			buildConfigurations = (
				7875E1DC2C4A0A2D00CAB26F /* Debug */,
				7875E1DD2C4A0A2D00CAB26F /* Release */,
			);
			defaultConfigurationIsVisible = 0;
			defaultConfigurationName = Release;
		};
/* End XCConfigurationList section */
	};
	rootObject = 7875E1A92C4A0A2C00CAB26F /* Project object */;
}
